
Microsoft Visual Studio Solution File, Format Version 12.00
# Visual Studio Version 17
VisualStudioVersion = 17.4.33213.308
MinimumVisualStudioVersion = 10.0.40219.1
Project("{9A19103F-16F7-4668-BE54-9A1E7A4F7556}") = "WriteableBitmapEx.Wpf", "..\Source\WriteableBitmapEx.Wpf\WriteableBitmapEx.Wpf.csproj", "{B0AA6A94-6784-4221-81F0-244A68C374C0}"
EndProject
Project("{9A19103F-16F7-4668-BE54-9A1E7A4F7556}") = "WriteableBitmapExBlitAlphaRepro.Wpf", "..\Examples\WriteableBitmapExBlitAlphaRepro.Wpf\WriteableBitmapExBlitAlphaRepro.Wpf.csproj", "{9CC51FA8-3895-4BF8-87AB-0D60DB772A61}"
EndProject
Project("{9A19103F-16F7-4668-BE54-9A1E7A4F7556}") = "WriteableBitmapExCurveSample.Wpf", "..\Examples\WriteableBitmapExCurveSample.Wpf\WriteableBitmapExCurveSample.Wpf.csproj", "{68894A86-DD5C-4D76-8997-3716775DE9C3}"
EndProject
Project("{9A19103F-16F7-4668-BE54-9A1E7A4F7556}") = "WriteableBitmapExEllipseAlphaRepro.Wpf", "..\Examples\WriteableBitmapExEllipseAlphaRepro.Wpf\WriteableBitmapExEllipseAlphaRepro.Wpf.csproj", "{C9DF1629-6B4B-42B0-B27A-8CCA54F2263F}"
EndProject
Project("{9A19103F-16F7-4668-BE54-9A1E7A4F7556}") = "WriteableBitmapExFillSample.Wpf", "..\Examples\WriteableBitmapExFillSample.Wpf\WriteableBitmapExFillSample.Wpf.csproj", "{F3AF6DC4-83A4-4DBF-A155-3A32E2E06E17}"
EndProject
Project("{9A19103F-16F7-4668-BE54-9A1E7A4F7556}") = "WriteableBitmapExShapeSample.Wpf", "..\Examples\WriteableBitmapExShapeSample.Wpf\WriteableBitmapExShapeSample.Wpf.csproj", "{CFF64224-8965-4317-8C89-3CD6D1CA545D}"
EndProject
Project("{9A19103F-16F7-4668-BE54-9A1E7A4F7556}") = "WriteableBitmapEx.TextExample", "..\Examples\WriteableBitmapExTextExample.Wpf\WriteableBitmapEx.TextExample.csproj", "{DC527E00-BD1B-4D5C-A75F-E30CD830CDB8}"
EndProject
Global
	GlobalSection(SolutionConfigurationPlatforms) = preSolution
		Debug|Any CPU = Debug|Any CPU
		Debug|ARM = Debug|ARM
		Debug|ARM64 = Debug|ARM64
		Debug|Mixed Platforms = Debug|Mixed Platforms
		Debug|x64 = Debug|x64
		Debug|x86 = Debug|x86
		Release|Any CPU = Release|Any CPU
		Release|ARM = Release|ARM
		Release|ARM64 = Release|ARM64
		Release|Mixed Platforms = Release|Mixed Platforms
		Release|x64 = Release|x64
		Release|x86 = Release|x86
	EndGlobalSection
	GlobalSection(ProjectConfigurationPlatforms) = postSolution
		{B0AA6A94-6784-4221-81F0-244A68C374C0}.Debug|Any CPU.ActiveCfg = Debug|Any CPU
		{B0AA6A94-6784-4221-81F0-244A68C374C0}.Debug|Any CPU.Build.0 = Debug|Any CPU
		{B0AA6A94-6784-4221-81F0-244A68C374C0}.Debug|ARM.ActiveCfg = Debug|Any CPU
		{B0AA6A94-6784-4221-81F0-244A68C374C0}.Debug|ARM64.ActiveCfg = Debug|Any CPU
		{B0AA6A94-6784-4221-81F0-244A68C374C0}.Debug|ARM64.Build.0 = Debug|Any CPU
		{B0AA6A94-6784-4221-81F0-244A68C374C0}.Debug|Mixed Platforms.ActiveCfg = Debug|Any CPU
		{B0AA6A94-6784-4221-81F0-244A68C374C0}.Debug|Mixed Platforms.Build.0 = Debug|Any CPU
		{B0AA6A94-6784-4221-81F0-244A68C374C0}.Debug|x64.ActiveCfg = Debug|Any CPU
		{B0AA6A94-6784-4221-81F0-244A68C374C0}.Debug|x86.ActiveCfg = Debug|Any CPU
		{B0AA6A94-6784-4221-81F0-244A68C374C0}.Release|Any CPU.ActiveCfg = Release|Any CPU
		{B0AA6A94-6784-4221-81F0-244A68C374C0}.Release|Any CPU.Build.0 = Release|Any CPU
		{B0AA6A94-6784-4221-81F0-244A68C374C0}.Release|ARM.ActiveCfg = Release|Any CPU
		{B0AA6A94-6784-4221-81F0-244A68C374C0}.Release|ARM64.ActiveCfg = Release|Any CPU
		{B0AA6A94-6784-4221-81F0-244A68C374C0}.Release|ARM64.Build.0 = Release|Any CPU
		{B0AA6A94-6784-4221-81F0-244A68C374C0}.Release|Mixed Platforms.ActiveCfg = Release|Any CPU
		{B0AA6A94-6784-4221-81F0-244A68C374C0}.Release|Mixed Platforms.Build.0 = Release|Any CPU
		{B0AA6A94-6784-4221-81F0-244A68C374C0}.Release|x64.ActiveCfg = Release|Any CPU
		{B0AA6A94-6784-4221-81F0-244A68C374C0}.Release|x86.ActiveCfg = Release|Any CPU
		{9CC51FA8-3895-4BF8-87AB-0D60DB772A61}.Debug|Any CPU.ActiveCfg = Debug|Any CPU
		{9CC51FA8-3895-4BF8-87AB-0D60DB772A61}.Debug|Any CPU.Build.0 = Debug|Any CPU
		{9CC51FA8-3895-4BF8-87AB-0D60DB772A61}.Debug|ARM.ActiveCfg = Debug|Any CPU
		{9CC51FA8-3895-4BF8-87AB-0D60DB772A61}.Debug|ARM.Build.0 = Debug|Any CPU
		{9CC51FA8-3895-4BF8-87AB-0D60DB772A61}.Debug|ARM64.ActiveCfg = Debug|Any CPU
		{9CC51FA8-3895-4BF8-87AB-0D60DB772A61}.Debug|ARM64.Build.0 = Debug|Any CPU
		{9CC51FA8-3895-4BF8-87AB-0D60DB772A61}.Debug|Mixed Platforms.ActiveCfg = Debug|Any CPU
		{9CC51FA8-3895-4BF8-87AB-0D60DB772A61}.Debug|Mixed Platforms.Build.0 = Debug|Any CPU
		{9CC51FA8-3895-4BF8-87AB-0D60DB772A61}.Debug|x64.ActiveCfg = Debug|Any CPU
		{9CC51FA8-3895-4BF8-87AB-0D60DB772A61}.Debug|x64.Build.0 = Debug|Any CPU
		{9CC51FA8-3895-4BF8-87AB-0D60DB772A61}.Debug|x86.ActiveCfg = Debug|Any CPU
		{9CC51FA8-3895-4BF8-87AB-0D60DB772A61}.Debug|x86.Build.0 = Debug|Any CPU
		{9CC51FA8-3895-4BF8-87AB-0D60DB772A61}.Release|Any CPU.ActiveCfg = Release|Any CPU
		{9CC51FA8-3895-4BF8-87AB-0D60DB772A61}.Release|Any CPU.Build.0 = Release|Any CPU
		{9CC51FA8-3895-4BF8-87AB-0D60DB772A61}.Release|ARM.ActiveCfg = Release|Any CPU
		{9CC51FA8-3895-4BF8-87AB-0D60DB772A61}.Release|ARM.Build.0 = Release|Any CPU
		{9CC51FA8-3895-4BF8-87AB-0D60DB772A61}.Release|ARM64.ActiveCfg = Release|Any CPU
		{9CC51FA8-3895-4BF8-87AB-0D60DB772A61}.Release|ARM64.Build.0 = Release|Any CPU
		{9CC51FA8-3895-4BF8-87AB-0D60DB772A61}.Release|Mixed Platforms.ActiveCfg = Release|Any CPU
		{9CC51FA8-3895-4BF8-87AB-0D60DB772A61}.Release|Mixed Platforms.Build.0 = Release|Any CPU
		{9CC51FA8-3895-4BF8-87AB-0D60DB772A61}.Release|x64.ActiveCfg = Release|Any CPU
		{9CC51FA8-3895-4BF8-87AB-0D60DB772A61}.Release|x64.Build.0 = Release|Any CPU
		{9CC51FA8-3895-4BF8-87AB-0D60DB772A61}.Release|x86.ActiveCfg = Release|Any CPU
		{9CC51FA8-3895-4BF8-87AB-0D60DB772A61}.Release|x86.Build.0 = Release|Any CPU
		{68894A86-DD5C-4D76-8997-3716775DE9C3}.Debug|Any CPU.ActiveCfg = Debug|Any CPU
		{68894A86-DD5C-4D76-8997-3716775DE9C3}.Debug|Any CPU.Build.0 = Debug|Any CPU
		{68894A86-DD5C-4D76-8997-3716775DE9C3}.Debug|ARM.ActiveCfg = Debug|Any CPU
		{68894A86-DD5C-4D76-8997-3716775DE9C3}.Debug|ARM.Build.0 = Debug|Any CPU
		{68894A86-DD5C-4D76-8997-3716775DE9C3}.Debug|ARM64.ActiveCfg = Debug|Any CPU
		{68894A86-DD5C-4D76-8997-3716775DE9C3}.Debug|ARM64.Build.0 = Debug|Any CPU
		{68894A86-DD5C-4D76-8997-3716775DE9C3}.Debug|Mixed Platforms.ActiveCfg = Debug|Any CPU
		{68894A86-DD5C-4D76-8997-3716775DE9C3}.Debug|Mixed Platforms.Build.0 = Debug|Any CPU
		{68894A86-DD5C-4D76-8997-3716775DE9C3}.Debug|x64.ActiveCfg = Debug|Any CPU
		{68894A86-DD5C-4D76-8997-3716775DE9C3}.Debug|x64.Build.0 = Debug|Any CPU
		{68894A86-DD5C-4D76-8997-3716775DE9C3}.Debug|x86.ActiveCfg = Debug|Any CPU
		{68894A86-DD5C-4D76-8997-3716775DE9C3}.Debug|x86.Build.0 = Debug|Any CPU
		{68894A86-DD5C-4D76-8997-3716775DE9C3}.Release|Any CPU.ActiveCfg = Release|Any CPU
		{68894A86-DD5C-4D76-8997-3716775DE9C3}.Release|Any CPU.Build.0 = Release|Any CPU
		{68894A86-DD5C-4D76-8997-3716775DE9C3}.Release|ARM.ActiveCfg = Release|Any CPU
		{68894A86-DD5C-4D76-8997-3716775DE9C3}.Release|ARM.Build.0 = Release|Any CPU
		{68894A86-DD5C-4D76-8997-3716775DE9C3}.Release|ARM64.ActiveCfg = Release|Any CPU
		{68894A86-DD5C-4D76-8997-3716775DE9C3}.Release|ARM64.Build.0 = Release|Any CPU
		{68894A86-DD5C-4D76-8997-3716775DE9C3}.Release|Mixed Platforms.ActiveCfg = Release|Any CPU
		{68894A86-DD5C-4D76-8997-3716775DE9C3}.Release|Mixed Platforms.Build.0 = Release|Any CPU
		{68894A86-DD5C-4D76-8997-3716775DE9C3}.Release|x64.ActiveCfg = Release|Any CPU
		{68894A86-DD5C-4D76-8997-3716775DE9C3}.Release|x64.Build.0 = Release|Any CPU
		{68894A86-DD5C-4D76-8997-3716775DE9C3}.Release|x86.ActiveCfg = Release|Any CPU
		{68894A86-DD5C-4D76-8997-3716775DE9C3}.Release|x86.Build.0 = Release|Any CPU
		{C9DF1629-6B4B-42B0-B27A-8CCA54F2263F}.Debug|Any CPU.ActiveCfg = Debug|Any CPU
		{C9DF1629-6B4B-42B0-B27A-8CCA54F2263F}.Debug|Any CPU.Build.0 = Debug|Any CPU
		{C9DF1629-6B4B-42B0-B27A-8CCA54F2263F}.Debug|ARM.ActiveCfg = Debug|Any CPU
		{C9DF1629-6B4B-42B0-B27A-8CCA54F2263F}.Debug|ARM.Build.0 = Debug|Any CPU
		{C9DF1629-6B4B-42B0-B27A-8CCA54F2263F}.Debug|ARM64.ActiveCfg = Debug|Any CPU
		{C9DF1629-6B4B-42B0-B27A-8CCA54F2263F}.Debug|ARM64.Build.0 = Debug|Any CPU
		{C9DF1629-6B4B-42B0-B27A-8CCA54F2263F}.Debug|Mixed Platforms.ActiveCfg = Debug|Any CPU
		{C9DF1629-6B4B-42B0-B27A-8CCA54F2263F}.Debug|Mixed Platforms.Build.0 = Debug|Any CPU
		{C9DF1629-6B4B-42B0-B27A-8CCA54F2263F}.Debug|x64.ActiveCfg = Debug|Any CPU
		{C9DF1629-6B4B-42B0-B27A-8CCA54F2263F}.Debug|x64.Build.0 = Debug|Any CPU
		{C9DF1629-6B4B-42B0-B27A-8CCA54F2263F}.Debug|x86.ActiveCfg = Debug|Any CPU
		{C9DF1629-6B4B-42B0-B27A-8CCA54F2263F}.Debug|x86.Build.0 = Debug|Any CPU
		{C9DF1629-6B4B-42B0-B27A-8CCA54F2263F}.Release|Any CPU.ActiveCfg = Release|Any CPU
		{C9DF1629-6B4B-42B0-B27A-8CCA54F2263F}.Release|Any CPU.Build.0 = Release|Any CPU
		{C9DF1629-6B4B-42B0-B27A-8CCA54F2263F}.Release|ARM.ActiveCfg = Release|Any CPU
		{C9DF1629-6B4B-42B0-B27A-8CCA54F2263F}.Release|ARM.Build.0 = Release|Any CPU
		{C9DF1629-6B4B-42B0-B27A-8CCA54F2263F}.Release|ARM64.ActiveCfg = Release|Any CPU
		{C9DF1629-6B4B-42B0-B27A-8CCA54F2263F}.Release|ARM64.Build.0 = Release|Any CPU
		{C9DF1629-6B4B-42B0-B27A-8CCA54F2263F}.Release|Mixed Platforms.ActiveCfg = Release|Any CPU
		{C9DF1629-6B4B-42B0-B27A-8CCA54F2263F}.Release|Mixed Platforms.Build.0 = Release|Any CPU
		{C9DF1629-6B4B-42B0-B27A-8CCA54F2263F}.Release|x64.ActiveCfg = Release|Any CPU
		{C9DF1629-6B4B-42B0-B27A-8CCA54F2263F}.Release|x64.Build.0 = Release|Any CPU
		{C9DF1629-6B4B-42B0-B27A-8CCA54F2263F}.Release|x86.ActiveCfg = Release|Any CPU
		{C9DF1629-6B4B-42B0-B27A-8CCA54F2263F}.Release|x86.Build.0 = Release|Any CPU
		{F3AF6DC4-83A4-4DBF-A155-3A32E2E06E17}.Debug|Any CPU.ActiveCfg = Debug|Any CPU
		{F3AF6DC4-83A4-4DBF-A155-3A32E2E06E17}.Debug|Any CPU.Build.0 = Debug|Any CPU
		{F3AF6DC4-83A4-4DBF-A155-3A32E2E06E17}.Debug|ARM.ActiveCfg = Debug|Any CPU
		{F3AF6DC4-83A4-4DBF-A155-3A32E2E06E17}.Debug|ARM.Build.0 = Debug|Any CPU
		{F3AF6DC4-83A4-4DBF-A155-3A32E2E06E17}.Debug|ARM64.ActiveCfg = Debug|Any CPU
		{F3AF6DC4-83A4-4DBF-A155-3A32E2E06E17}.Debug|ARM64.Build.0 = Debug|Any CPU
		{F3AF6DC4-83A4-4DBF-A155-3A32E2E06E17}.Debug|Mixed Platforms.ActiveCfg = Debug|Any CPU
		{F3AF6DC4-83A4-4DBF-A155-3A32E2E06E17}.Debug|Mixed Platforms.Build.0 = Debug|Any CPU
		{F3AF6DC4-83A4-4DBF-A155-3A32E2E06E17}.Debug|x64.ActiveCfg = Debug|Any CPU
		{F3AF6DC4-83A4-4DBF-A155-3A32E2E06E17}.Debug|x64.Build.0 = Debug|Any CPU
		{F3AF6DC4-83A4-4DBF-A155-3A32E2E06E17}.Debug|x86.ActiveCfg = Debug|Any CPU
		{F3AF6DC4-83A4-4DBF-A155-3A32E2E06E17}.Debug|x86.Build.0 = Debug|Any CPU
		{F3AF6DC4-83A4-4DBF-A155-3A32E2E06E17}.Release|Any CPU.ActiveCfg = Release|Any CPU
		{F3AF6DC4-83A4-4DBF-A155-3A32E2E06E17}.Release|Any CPU.Build.0 = Release|Any CPU
		{F3AF6DC4-83A4-4DBF-A155-3A32E2E06E17}.Release|ARM.ActiveCfg = Release|Any CPU
		{F3AF6DC4-83A4-4DBF-A155-3A32E2E06E17}.Release|ARM.Build.0 = Release|Any CPU
		{F3AF6DC4-83A4-4DBF-A155-3A32E2E06E17}.Release|ARM64.ActiveCfg = Release|Any CPU
		{F3AF6DC4-83A4-4DBF-A155-3A32E2E06E17}.Release|ARM64.Build.0 = Release|Any CPU
		{F3AF6DC4-83A4-4DBF-A155-3A32E2E06E17}.Release|Mixed Platforms.ActiveCfg = Release|Any CPU
		{F3AF6DC4-83A4-4DBF-A155-3A32E2E06E17}.Release|Mixed Platforms.Build.0 = Release|Any CPU
		{F3AF6DC4-83A4-4DBF-A155-3A32E2E06E17}.Release|x64.ActiveCfg = Release|Any CPU
		{F3AF6DC4-83A4-4DBF-A155-3A32E2E06E17}.Release|x64.Build.0 = Release|Any CPU
		{F3AF6DC4-83A4-4DBF-A155-3A32E2E06E17}.Release|x86.ActiveCfg = Release|Any CPU
		{F3AF6DC4-83A4-4DBF-A155-3A32E2E06E17}.Release|x86.Build.0 = Release|Any CPU
		{CFF64224-8965-4317-8C89-3CD6D1CA545D}.Debug|Any CPU.ActiveCfg = Debug|Any CPU
		{CFF64224-8965-4317-8C89-3CD6D1CA545D}.Debug|Any CPU.Build.0 = Debug|Any CPU
		{CFF64224-8965-4317-8C89-3CD6D1CA545D}.Debug|ARM.ActiveCfg = Debug|Any CPU
		{CFF64224-8965-4317-8C89-3CD6D1CA545D}.Debug|ARM.Build.0 = Debug|Any CPU
		{CFF64224-8965-4317-8C89-3CD6D1CA545D}.Debug|ARM64.ActiveCfg = Debug|Any CPU
		{CFF64224-8965-4317-8C89-3CD6D1CA545D}.Debug|ARM64.Build.0 = Debug|Any CPU
		{CFF64224-8965-4317-8C89-3CD6D1CA545D}.Debug|Mixed Platforms.ActiveCfg = Debug|Any CPU
		{CFF64224-8965-4317-8C89-3CD6D1CA545D}.Debug|Mixed Platforms.Build.0 = Debug|Any CPU
		{CFF64224-8965-4317-8C89-3CD6D1CA545D}.Debug|x64.ActiveCfg = Debug|Any CPU
		{CFF64224-8965-4317-8C89-3CD6D1CA545D}.Debug|x64.Build.0 = Debug|Any CPU
		{CFF64224-8965-4317-8C89-3CD6D1CA545D}.Debug|x86.ActiveCfg = Debug|Any CPU
		{CFF64224-8965-4317-8C89-3CD6D1CA545D}.Debug|x86.Build.0 = Debug|Any CPU
		{CFF64224-8965-4317-8C89-3CD6D1CA545D}.Release|Any CPU.ActiveCfg = Release|Any CPU
		{CFF64224-8965-4317-8C89-3CD6D1CA545D}.Release|Any CPU.Build.0 = Release|Any CPU
		{CFF64224-8965-4317-8C89-3CD6D1CA545D}.Release|ARM.ActiveCfg = Release|Any CPU
		{CFF64224-8965-4317-8C89-3CD6D1CA545D}.Release|ARM.Build.0 = Release|Any CPU
		{CFF64224-8965-4317-8C89-3CD6D1CA545D}.Release|ARM64.ActiveCfg = Release|Any CPU
		{CFF64224-8965-4317-8C89-3CD6D1CA545D}.Release|ARM64.Build.0 = Release|Any CPU
		{CFF64224-8965-4317-8C89-3CD6D1CA545D}.Release|Mixed Platforms.ActiveCfg = Release|Any CPU
		{CFF64224-8965-4317-8C89-3CD6D1CA545D}.Release|Mixed Platforms.Build.0 = Release|Any CPU
		{CFF64224-8965-4317-8C89-3CD6D1CA545D}.Release|x64.ActiveCfg = Release|Any CPU
		{CFF64224-8965-4317-8C89-3CD6D1CA545D}.Release|x64.Build.0 = Release|Any CPU
		{CFF64224-8965-4317-8C89-3CD6D1CA545D}.Release|x86.ActiveCfg = Release|Any CPU
		{CFF64224-8965-4317-8C89-3CD6D1CA545D}.Release|x86.Build.0 = Release|Any CPU
		{DC527E00-BD1B-4D5C-A75F-E30CD830CDB8}.Debug|Any CPU.ActiveCfg = Debug|Any CPU
		{DC527E00-BD1B-4D5C-A75F-E30CD830CDB8}.Debug|Any CPU.Build.0 = Debug|Any CPU
		{DC527E00-BD1B-4D5C-A75F-E30CD830CDB8}.Debug|ARM.ActiveCfg = Debug|Any CPU
		{DC527E00-BD1B-4D5C-A75F-E30CD830CDB8}.Debug|ARM.Build.0 = Debug|Any CPU
		{DC527E00-BD1B-4D5C-A75F-E30CD830CDB8}.Debug|ARM64.ActiveCfg = Debug|Any CPU
		{DC527E00-BD1B-4D5C-A75F-E30CD830CDB8}.Debug|ARM64.Build.0 = Debug|Any CPU
		{DC527E00-BD1B-4D5C-A75F-E30CD830CDB8}.Debug|Mixed Platforms.ActiveCfg = Debug|Any CPU
		{DC527E00-BD1B-4D5C-A75F-E30CD830CDB8}.Debug|Mixed Platforms.Build.0 = Debug|Any CPU
		{DC527E00-BD1B-4D5C-A75F-E30CD830CDB8}.Debug|x64.ActiveCfg = Debug|Any CPU
		{DC527E00-BD1B-4D5C-A75F-E30CD830CDB8}.Debug|x64.Build.0 = Debug|Any CPU
		{DC527E00-BD1B-4D5C-A75F-E30CD830CDB8}.Debug|x86.ActiveCfg = Debug|Any CPU
		{DC527E00-BD1B-4D5C-A75F-E30CD830CDB8}.Debug|x86.Build.0 = Debug|Any CPU
		{DC527E00-BD1B-4D5C-A75F-E30CD830CDB8}.Release|Any CPU.ActiveCfg = Release|Any CPU
		{DC527E00-BD1B-4D5C-A75F-E30CD830CDB8}.Release|Any CPU.Build.0 = Release|Any CPU
		{DC527E00-BD1B-4D5C-A75F-E30CD830CDB8}.Release|ARM.ActiveCfg = Release|Any CPU
		{DC527E00-BD1B-4D5C-A75F-E30CD830CDB8}.Release|ARM.Build.0 = Release|Any CPU
		{DC527E00-BD1B-4D5C-A75F-E30CD830CDB8}.Release|ARM64.ActiveCfg = Release|Any CPU
		{DC527E00-BD1B-4D5C-A75F-E30CD830CDB8}.Release|ARM64.Build.0 = Release|Any CPU
		{DC527E00-BD1B-4D5C-A75F-E30CD830CDB8}.Release|Mixed Platforms.ActiveCfg = Release|Any CPU
		{DC527E00-BD1B-4D5C-A75F-E30CD830CDB8}.Release|Mixed Platforms.Build.0 = Release|Any CPU
		{DC527E00-BD1B-4D5C-A75F-E30CD830CDB8}.Release|x64.ActiveCfg = Release|Any CPU
		{DC527E00-BD1B-4D5C-A75F-E30CD830CDB8}.Release|x64.Build.0 = Release|Any CPU
		{DC527E00-BD1B-4D5C-A75F-E30CD830CDB8}.Release|x86.ActiveCfg = Release|Any CPU
		{DC527E00-BD1B-4D5C-A75F-E30CD830CDB8}.Release|x86.Build.0 = Release|Any CPU
	EndGlobalSection
	GlobalSection(SolutionProperties) = preSolution
		HideSolutionNode = FALSE
	EndGlobalSection
	GlobalSection(ExtensibilityGlobals) = postSolution
		SolutionGuid = {77BCB089-72D4-4A56-BBF8-B03EA9B1CD00}
	EndGlobalSection
EndGlobal
