
Microsoft Visual Studio Solution File, Format Version 12.00
# Visual Studio 2013
VisualStudioVersion = 12.0.40629.0
MinimumVisualStudioVersion = 10.0.40219.1
Project("{2150E333-8FDC-42A3-9474-1A3956D46DE8}") = "Silverlight", "Silverlight", "{D6914E32-562F-4A82-AAF4-E9A7AB36D4C3}"
EndProject
Project("{2150E333-8FDC-42A3-9474-1A3956D46DE8}") = "Wpf", "Wpf", "{299BE8E6-6ACC-43E1-B4AC-DAF1BEAA6362}"
EndProject
Project("{2150E333-8FDC-42A3-9474-1A3956D46DE8}") = "Windows Phone", "Windows Phone", "{F7E1AF83-3253-4076-9295-802E5CCDC0C3}"
EndProject
Project("{2150E333-8FDC-42A3-9474-1A3956D46DE8}") = "WinRT", "WinRT", "{ACC5DD04-97FC-4A45-B3D9-4A8DD95A398A}"
EndProject
Project("{2150E333-8FDC-42A3-9474-1A3956D46DE8}") = "Windows Phone 8", "Windows Phone 8", "{453AB449-362F-4668-AE23-AFDD5644B9BB}"
EndProject
Project("{FAE04EC0-301F-11D3-BF4B-00C04F79EFBC}") = "WriteableBitmapEx", "..\Source\WriteableBitmapEx\WriteableBitmapEx.csproj", "{255CC1F7-0442-4B32-A517-DF69B958382C}"
EndProject
Project("{FAE04EC0-301F-11D3-BF4B-00C04F79EFBC}") = "WriteableBitmapExBlitSample", "..\Source\WriteableBitmapExBlitSample\WriteableBitmapExBlitSample.csproj", "{F7655AA5-7444-4FF7-A816-4F680E980CDB}"
EndProject
Project("{FAE04EC0-301F-11D3-BF4B-00C04F79EFBC}") = "WriteableBitmapExCurveSample", "..\Source\WriteableBitmapExCurveSample\WriteableBitmapExCurveSample.csproj", "{12A8802E-1EF7-44CC-927F-333D0E5221C7}"
EndProject
Project("{FAE04EC0-301F-11D3-BF4B-00C04F79EFBC}") = "WriteableBitmapExFillSample", "..\Source\WriteableBitmapExFillSample\WriteableBitmapExFillSample.csproj", "{3B98853F-786A-444B-887D-A8149364DA7E}"
EndProject
Project("{FAE04EC0-301F-11D3-BF4B-00C04F79EFBC}") = "WriteableBitmapExShapeSample", "..\Source\WriteableBitmapExShapeSample\WriteableBitmapExShapeSample.csproj", "{90E2BCA2-72D9-4E7E-9B20-76B5C8D92C81}"
EndProject
Project("{FAE04EC0-301F-11D3-BF4B-00C04F79EFBC}") = "WriteableBitmapEx.Wpf", "..\Source\WriteableBitmapEx.Wpf\WriteableBitmapEx.Wpf.csproj", "{B0AA6A94-6784-4221-81F0-244A68C374C0}"
EndProject
Project("{FAE04EC0-301F-11D3-BF4B-00C04F79EFBC}") = "WriteableBitmapExCurveSample.Wpf", "..\Source\WriteableBitmapExCurveSample.Wpf\WriteableBitmapExCurveSample.Wpf.csproj", "{EBAE3620-C67D-4313-AEDC-9D336C71EC29}"
EndProject
Project("{FAE04EC0-301F-11D3-BF4B-00C04F79EFBC}") = "WriteableBitmapExBlitSample.Wpf", "..\Source\WriteableBitmapExBlitSample.Wpf\WriteableBitmapExBlitSample.Wpf.csproj", "{7449175B-5E83-46E3-B67D-120319BCDCC5}"
EndProject
Project("{FAE04EC0-301F-11D3-BF4B-00C04F79EFBC}") = "WriteableBitmapExShapeSample.Wpf", "..\Source\WriteableBitmapExShapeSample.Wpf\WriteableBitmapExShapeSample.Wpf.csproj", "{9020AC35-A876-4002-BD92-30666319E019}"
EndProject
Project("{FAE04EC0-301F-11D3-BF4B-00C04F79EFBC}") = "WriteableBitmapExFillSample.Wpf", "..\Source\WriteableBitmapExFillSample.Wpf\WriteableBitmapExFillSample.Wpf.csproj", "{7111E514-9D2B-47C4-B63B-7C2E32FD145B}"
EndProject
Project("{FAE04EC0-301F-11D3-BF4B-00C04F79EFBC}") = "WriteableBitmapExWinPhonePerformanceSample", "..\Source\WriteableBitmapExWinPhonePerformanceSample\WriteableBitmapExWinPhonePerformanceSample.csproj", "{42DFD935-CEDE-4520-B937-AEBAB894AB7E}"
EndProject
Project("{FAE04EC0-301F-11D3-BF4B-00C04F79EFBC}") = "WriteableBitmapExWinPhone", "..\Source\WriteableBitmapEx\WriteableBitmapExWinPhone.csproj", "{204A8F2C-DF9E-40E0-9C6E-52726DC1E95F}"
EndProject
Project("{FAE04EC0-301F-11D3-BF4B-00C04F79EFBC}") = "WriteableBitmapExWinPhoneCurveSample", "..\Source\WriteableBitmapExWinPhoneCurveSample\WriteableBitmapExWinPhoneCurveSample.csproj", "{796DE32B-6EBD-4BBD-8A0F-192148A81781}"
EndProject
Project("{FAE04EC0-301F-11D3-BF4B-00C04F79EFBC}") = "WriteableBitmapExWinPhoneXnaDependant", "..\Source\WriteableBitmapExWinPhoneXnaDependant\WriteableBitmapExWinPhoneXnaDependant.csproj", "{F5C61BEF-8BEE-44CD-B8A6-70EE593ADCE0}"
EndProject
Project("{FAE04EC0-301F-11D3-BF4B-00C04F79EFBC}") = "WriteableBitmapEx.WinRT", "..\Source\WriteableBitmapEx.WinRT\WriteableBitmapEx.WinRT.csproj", "{1D239050-4D34-4B95-9F5F-699622410F1C}"
EndProject
Project("{FAE04EC0-301F-11D3-BF4B-00C04F79EFBC}") = "WriteableBitmapExBlitSample.WinRT", "..\Source\WriteableBitmapExBlitSample.WinRT\WriteableBitmapExBlitSample.WinRT.csproj", "{72985D1C-0493-40E6-9E56-37E3B55BCFBD}"
EndProject
Project("{FAE04EC0-301F-11D3-BF4B-00C04F79EFBC}") = "WriteableBitmapExCurvesSample.WinRT", "..\Source\WriteableBitmapExCurvesSample.WinRT\WriteableBitmapExCurvesSample.WinRT.csproj", "{2DB22679-F600-48D7-9321-611E6B6A1DF6}"
EndProject
Project("{FAE04EC0-301F-11D3-BF4B-00C04F79EFBC}") = "WriteableBitmapExWinPhone8", "..\Source\WriteableBitmapEx\WriteableBitmapExWinPhone8.csproj", "{0B20203B-B8B0-4F4A-BB89-5A7308383338}"
EndProject
Project("{FAE04EC0-301F-11D3-BF4B-00C04F79EFBC}") = "WriteableBitmapExWinPhone8XnaDependant", "..\Source\WriteableBitmapExWinPhoneXnaDependant\WriteableBitmapExWinPhone8XnaDependant.csproj", "{9A483664-6C64-4B3B-A5CB-F2575D1F4148}"
EndProject
Project("{FAE04EC0-301F-11D3-BF4B-00C04F79EFBC}") = "WriteableBitmapExWinPhone8CurveSample", "..\Source\WriteableBitmapExWinPhone8CurveSample\WriteableBitmapExWinPhone8CurveSample.csproj", "{4822631D-777E-4A52-BDBF-9B039EDF241C}"
EndProject
Project("{FAE04EC0-301F-11D3-BF4B-00C04F79EFBC}") = "WriteableBitmapExBlitAlphaRepro.WinRT", "..\Source\WriteableBitmapExBlitAlphaRepro.WinRT\WriteableBitmapExBlitAlphaRepro.WinRT.csproj", "{9DC2C6F0-DD7D-4E26-85C5-39F0A5D2D349}"
EndProject
Project("{FAE04EC0-301F-11D3-BF4B-00C04F79EFBC}") = "WriteableBitmapExBlitAlphaRepro.WinPhone8", "..\Source\WriteableBitmapExBlitAlphaRepro.WinPhone8\WriteableBitmapExBlitAlphaRepro.WinPhone8.csproj", "{254C1851-9DA8-4C73-844F-BF4899CBFCF0}"
EndProject
Project("{FAE04EC0-301F-11D3-BF4B-00C04F79EFBC}") = "WriteableBitmapExBlitAlphaRepro.Wpf", "..\Source\WriteableBitmapExBlitAlphaRepro.Wpf\WriteableBitmapExBlitAlphaRepro.Wpf.csproj", "{EB158C66-40D8-4F2A-879C-BA8EF6AE89E4}"
EndProject
Project("{FAE04EC0-301F-11D3-BF4B-00C04F79EFBC}") = "WriteableBitmapExEllipseAlphaRepro.Wpf", "..\Source\WriteableBitmapExEllipseAlphaRepro.Wpf\WriteableBitmapExEllipseAlphaRepro.Wpf.csproj", "{0A769A8A-ABAD-4A6D-B90D-DDB4D52CA711}"
EndProject
Global
	GlobalSection(SolutionConfigurationPlatforms) = preSolution
		Debug|Any CPU = Debug|Any CPU
		Debug|ARM = Debug|ARM
		Debug|Mixed Platforms = Debug|Mixed Platforms
		Debug|x64 = Debug|x64
		Debug|x86 = Debug|x86
		Release|Any CPU = Release|Any CPU
		Release|ARM = Release|ARM
		Release|Mixed Platforms = Release|Mixed Platforms
		Release|x64 = Release|x64
		Release|x86 = Release|x86
	EndGlobalSection
	GlobalSection(ProjectConfigurationPlatforms) = postSolution
		{255CC1F7-0442-4B32-A517-DF69B958382C}.Debug|Any CPU.ActiveCfg = Debug|Any CPU
		{255CC1F7-0442-4B32-A517-DF69B958382C}.Debug|Any CPU.Build.0 = Debug|Any CPU
		{255CC1F7-0442-4B32-A517-DF69B958382C}.Debug|ARM.ActiveCfg = Debug|Any CPU
		{255CC1F7-0442-4B32-A517-DF69B958382C}.Debug|Mixed Platforms.ActiveCfg = Debug|Any CPU
		{255CC1F7-0442-4B32-A517-DF69B958382C}.Debug|Mixed Platforms.Build.0 = Debug|Any CPU
		{255CC1F7-0442-4B32-A517-DF69B958382C}.Debug|x64.ActiveCfg = Debug|Any CPU
		{255CC1F7-0442-4B32-A517-DF69B958382C}.Debug|x86.ActiveCfg = Debug|Any CPU
		{255CC1F7-0442-4B32-A517-DF69B958382C}.Release|Any CPU.ActiveCfg = Release|Any CPU
		{255CC1F7-0442-4B32-A517-DF69B958382C}.Release|Any CPU.Build.0 = Release|Any CPU
		{255CC1F7-0442-4B32-A517-DF69B958382C}.Release|ARM.ActiveCfg = Release|Any CPU
		{255CC1F7-0442-4B32-A517-DF69B958382C}.Release|Mixed Platforms.ActiveCfg = Release|Any CPU
		{255CC1F7-0442-4B32-A517-DF69B958382C}.Release|Mixed Platforms.Build.0 = Release|Any CPU
		{255CC1F7-0442-4B32-A517-DF69B958382C}.Release|x64.ActiveCfg = Release|Any CPU
		{255CC1F7-0442-4B32-A517-DF69B958382C}.Release|x86.ActiveCfg = Release|Any CPU
		{F7655AA5-7444-4FF7-A816-4F680E980CDB}.Debug|Any CPU.ActiveCfg = Debug|Any CPU
		{F7655AA5-7444-4FF7-A816-4F680E980CDB}.Debug|Any CPU.Build.0 = Debug|Any CPU
		{F7655AA5-7444-4FF7-A816-4F680E980CDB}.Debug|ARM.ActiveCfg = Debug|Any CPU
		{F7655AA5-7444-4FF7-A816-4F680E980CDB}.Debug|Mixed Platforms.ActiveCfg = Debug|Any CPU
		{F7655AA5-7444-4FF7-A816-4F680E980CDB}.Debug|Mixed Platforms.Build.0 = Debug|Any CPU
		{F7655AA5-7444-4FF7-A816-4F680E980CDB}.Debug|x64.ActiveCfg = Debug|Any CPU
		{F7655AA5-7444-4FF7-A816-4F680E980CDB}.Debug|x86.ActiveCfg = Debug|Any CPU
		{F7655AA5-7444-4FF7-A816-4F680E980CDB}.Release|Any CPU.ActiveCfg = Release|Any CPU
		{F7655AA5-7444-4FF7-A816-4F680E980CDB}.Release|Any CPU.Build.0 = Release|Any CPU
		{F7655AA5-7444-4FF7-A816-4F680E980CDB}.Release|ARM.ActiveCfg = Release|Any CPU
		{F7655AA5-7444-4FF7-A816-4F680E980CDB}.Release|Mixed Platforms.ActiveCfg = Release|Any CPU
		{F7655AA5-7444-4FF7-A816-4F680E980CDB}.Release|Mixed Platforms.Build.0 = Release|Any CPU
		{F7655AA5-7444-4FF7-A816-4F680E980CDB}.Release|x64.ActiveCfg = Release|Any CPU
		{F7655AA5-7444-4FF7-A816-4F680E980CDB}.Release|x86.ActiveCfg = Release|Any CPU
		{12A8802E-1EF7-44CC-927F-333D0E5221C7}.Debug|Any CPU.ActiveCfg = Debug|Any CPU
		{12A8802E-1EF7-44CC-927F-333D0E5221C7}.Debug|Any CPU.Build.0 = Debug|Any CPU
		{12A8802E-1EF7-44CC-927F-333D0E5221C7}.Debug|ARM.ActiveCfg = Debug|Any CPU
		{12A8802E-1EF7-44CC-927F-333D0E5221C7}.Debug|Mixed Platforms.ActiveCfg = Debug|Any CPU
		{12A8802E-1EF7-44CC-927F-333D0E5221C7}.Debug|Mixed Platforms.Build.0 = Debug|Any CPU
		{12A8802E-1EF7-44CC-927F-333D0E5221C7}.Debug|x64.ActiveCfg = Debug|Any CPU
		{12A8802E-1EF7-44CC-927F-333D0E5221C7}.Debug|x86.ActiveCfg = Debug|Any CPU
		{12A8802E-1EF7-44CC-927F-333D0E5221C7}.Release|Any CPU.ActiveCfg = Release|Any CPU
		{12A8802E-1EF7-44CC-927F-333D0E5221C7}.Release|Any CPU.Build.0 = Release|Any CPU
		{12A8802E-1EF7-44CC-927F-333D0E5221C7}.Release|ARM.ActiveCfg = Release|Any CPU
		{12A8802E-1EF7-44CC-927F-333D0E5221C7}.Release|Mixed Platforms.ActiveCfg = Release|Any CPU
		{12A8802E-1EF7-44CC-927F-333D0E5221C7}.Release|Mixed Platforms.Build.0 = Release|Any CPU
		{12A8802E-1EF7-44CC-927F-333D0E5221C7}.Release|x64.ActiveCfg = Release|Any CPU
		{12A8802E-1EF7-44CC-927F-333D0E5221C7}.Release|x86.ActiveCfg = Release|Any CPU
		{3B98853F-786A-444B-887D-A8149364DA7E}.Debug|Any CPU.ActiveCfg = Debug|Any CPU
		{3B98853F-786A-444B-887D-A8149364DA7E}.Debug|Any CPU.Build.0 = Debug|Any CPU
		{3B98853F-786A-444B-887D-A8149364DA7E}.Debug|ARM.ActiveCfg = Debug|Any CPU
		{3B98853F-786A-444B-887D-A8149364DA7E}.Debug|Mixed Platforms.ActiveCfg = Debug|Any CPU
		{3B98853F-786A-444B-887D-A8149364DA7E}.Debug|Mixed Platforms.Build.0 = Debug|Any CPU
		{3B98853F-786A-444B-887D-A8149364DA7E}.Debug|x64.ActiveCfg = Debug|Any CPU
		{3B98853F-786A-444B-887D-A8149364DA7E}.Debug|x86.ActiveCfg = Debug|Any CPU
		{3B98853F-786A-444B-887D-A8149364DA7E}.Release|Any CPU.ActiveCfg = Release|Any CPU
		{3B98853F-786A-444B-887D-A8149364DA7E}.Release|Any CPU.Build.0 = Release|Any CPU
		{3B98853F-786A-444B-887D-A8149364DA7E}.Release|ARM.ActiveCfg = Release|Any CPU
		{3B98853F-786A-444B-887D-A8149364DA7E}.Release|Mixed Platforms.ActiveCfg = Release|Any CPU
		{3B98853F-786A-444B-887D-A8149364DA7E}.Release|Mixed Platforms.Build.0 = Release|Any CPU
		{3B98853F-786A-444B-887D-A8149364DA7E}.Release|x64.ActiveCfg = Release|Any CPU
		{3B98853F-786A-444B-887D-A8149364DA7E}.Release|x86.ActiveCfg = Release|Any CPU
		{90E2BCA2-72D9-4E7E-9B20-76B5C8D92C81}.Debug|Any CPU.ActiveCfg = Debug|Any CPU
		{90E2BCA2-72D9-4E7E-9B20-76B5C8D92C81}.Debug|Any CPU.Build.0 = Debug|Any CPU
		{90E2BCA2-72D9-4E7E-9B20-76B5C8D92C81}.Debug|ARM.ActiveCfg = Debug|Any CPU
		{90E2BCA2-72D9-4E7E-9B20-76B5C8D92C81}.Debug|Mixed Platforms.ActiveCfg = Debug|Any CPU
		{90E2BCA2-72D9-4E7E-9B20-76B5C8D92C81}.Debug|Mixed Platforms.Build.0 = Debug|Any CPU
		{90E2BCA2-72D9-4E7E-9B20-76B5C8D92C81}.Debug|x64.ActiveCfg = Debug|Any CPU
		{90E2BCA2-72D9-4E7E-9B20-76B5C8D92C81}.Debug|x86.ActiveCfg = Debug|Any CPU
		{90E2BCA2-72D9-4E7E-9B20-76B5C8D92C81}.Release|Any CPU.ActiveCfg = Release|Any CPU
		{90E2BCA2-72D9-4E7E-9B20-76B5C8D92C81}.Release|Any CPU.Build.0 = Release|Any CPU
		{90E2BCA2-72D9-4E7E-9B20-76B5C8D92C81}.Release|ARM.ActiveCfg = Release|Any CPU
		{90E2BCA2-72D9-4E7E-9B20-76B5C8D92C81}.Release|Mixed Platforms.ActiveCfg = Release|Any CPU
		{90E2BCA2-72D9-4E7E-9B20-76B5C8D92C81}.Release|Mixed Platforms.Build.0 = Release|Any CPU
		{90E2BCA2-72D9-4E7E-9B20-76B5C8D92C81}.Release|x64.ActiveCfg = Release|Any CPU
		{90E2BCA2-72D9-4E7E-9B20-76B5C8D92C81}.Release|x86.ActiveCfg = Release|Any CPU
		{B0AA6A94-6784-4221-81F0-244A68C374C0}.Debug|Any CPU.ActiveCfg = Debug|Any CPU
		{B0AA6A94-6784-4221-81F0-244A68C374C0}.Debug|Any CPU.Build.0 = Debug|Any CPU
		{B0AA6A94-6784-4221-81F0-244A68C374C0}.Debug|ARM.ActiveCfg = Debug|Any CPU
		{B0AA6A94-6784-4221-81F0-244A68C374C0}.Debug|Mixed Platforms.ActiveCfg = Debug|Any CPU
		{B0AA6A94-6784-4221-81F0-244A68C374C0}.Debug|Mixed Platforms.Build.0 = Debug|Any CPU
		{B0AA6A94-6784-4221-81F0-244A68C374C0}.Debug|x64.ActiveCfg = Debug|Any CPU
		{B0AA6A94-6784-4221-81F0-244A68C374C0}.Debug|x86.ActiveCfg = Debug|Any CPU
		{B0AA6A94-6784-4221-81F0-244A68C374C0}.Release|Any CPU.ActiveCfg = Release|Any CPU
		{B0AA6A94-6784-4221-81F0-244A68C374C0}.Release|Any CPU.Build.0 = Release|Any CPU
		{B0AA6A94-6784-4221-81F0-244A68C374C0}.Release|ARM.ActiveCfg = Release|Any CPU
		{B0AA6A94-6784-4221-81F0-244A68C374C0}.Release|Mixed Platforms.ActiveCfg = Release|Any CPU
		{B0AA6A94-6784-4221-81F0-244A68C374C0}.Release|Mixed Platforms.Build.0 = Release|Any CPU
		{B0AA6A94-6784-4221-81F0-244A68C374C0}.Release|x64.ActiveCfg = Release|Any CPU
		{B0AA6A94-6784-4221-81F0-244A68C374C0}.Release|x86.ActiveCfg = Release|Any CPU
		{EBAE3620-C67D-4313-AEDC-9D336C71EC29}.Debug|Any CPU.ActiveCfg = Debug|x86
		{EBAE3620-C67D-4313-AEDC-9D336C71EC29}.Debug|Any CPU.Build.0 = Debug|x86
		{EBAE3620-C67D-4313-AEDC-9D336C71EC29}.Debug|ARM.ActiveCfg = Debug|x86
		{EBAE3620-C67D-4313-AEDC-9D336C71EC29}.Debug|Mixed Platforms.ActiveCfg = Debug|x86
		{EBAE3620-C67D-4313-AEDC-9D336C71EC29}.Debug|Mixed Platforms.Build.0 = Debug|x86
		{EBAE3620-C67D-4313-AEDC-9D336C71EC29}.Debug|x64.ActiveCfg = Debug|x86
		{EBAE3620-C67D-4313-AEDC-9D336C71EC29}.Debug|x86.ActiveCfg = Debug|x86
		{EBAE3620-C67D-4313-AEDC-9D336C71EC29}.Debug|x86.Build.0 = Debug|x86
		{EBAE3620-C67D-4313-AEDC-9D336C71EC29}.Release|Any CPU.ActiveCfg = Release|x86
		{EBAE3620-C67D-4313-AEDC-9D336C71EC29}.Release|Any CPU.Build.0 = Release|x86
		{EBAE3620-C67D-4313-AEDC-9D336C71EC29}.Release|ARM.ActiveCfg = Release|x86
		{EBAE3620-C67D-4313-AEDC-9D336C71EC29}.Release|Mixed Platforms.ActiveCfg = Release|x86
		{EBAE3620-C67D-4313-AEDC-9D336C71EC29}.Release|Mixed Platforms.Build.0 = Release|x86
		{EBAE3620-C67D-4313-AEDC-9D336C71EC29}.Release|x64.ActiveCfg = Release|x86
		{EBAE3620-C67D-4313-AEDC-9D336C71EC29}.Release|x86.ActiveCfg = Release|x86
		{EBAE3620-C67D-4313-AEDC-9D336C71EC29}.Release|x86.Build.0 = Release|x86
		{7449175B-5E83-46E3-B67D-120319BCDCC5}.Debug|Any CPU.ActiveCfg = Debug|x86
		{7449175B-5E83-46E3-B67D-120319BCDCC5}.Debug|Any CPU.Build.0 = Debug|x86
		{7449175B-5E83-46E3-B67D-120319BCDCC5}.Debug|ARM.ActiveCfg = Debug|x86
		{7449175B-5E83-46E3-B67D-120319BCDCC5}.Debug|Mixed Platforms.ActiveCfg = Debug|x86
		{7449175B-5E83-46E3-B67D-120319BCDCC5}.Debug|Mixed Platforms.Build.0 = Debug|x86
		{7449175B-5E83-46E3-B67D-120319BCDCC5}.Debug|x64.ActiveCfg = Debug|x86
		{7449175B-5E83-46E3-B67D-120319BCDCC5}.Debug|x86.ActiveCfg = Debug|x86
		{7449175B-5E83-46E3-B67D-120319BCDCC5}.Debug|x86.Build.0 = Debug|x86
		{7449175B-5E83-46E3-B67D-120319BCDCC5}.Release|Any CPU.ActiveCfg = Release|x86
		{7449175B-5E83-46E3-B67D-120319BCDCC5}.Release|Any CPU.Build.0 = Release|x86
		{7449175B-5E83-46E3-B67D-120319BCDCC5}.Release|ARM.ActiveCfg = Release|x86
		{7449175B-5E83-46E3-B67D-120319BCDCC5}.Release|Mixed Platforms.ActiveCfg = Release|x86
		{7449175B-5E83-46E3-B67D-120319BCDCC5}.Release|Mixed Platforms.Build.0 = Release|x86
		{7449175B-5E83-46E3-B67D-120319BCDCC5}.Release|x64.ActiveCfg = Release|x86
		{7449175B-5E83-46E3-B67D-120319BCDCC5}.Release|x86.ActiveCfg = Release|x86
		{7449175B-5E83-46E3-B67D-120319BCDCC5}.Release|x86.Build.0 = Release|x86
		{9020AC35-A876-4002-BD92-30666319E019}.Debug|Any CPU.ActiveCfg = Debug|x86
		{9020AC35-A876-4002-BD92-30666319E019}.Debug|Any CPU.Build.0 = Debug|x86
		{9020AC35-A876-4002-BD92-30666319E019}.Debug|ARM.ActiveCfg = Debug|x86
		{9020AC35-A876-4002-BD92-30666319E019}.Debug|Mixed Platforms.ActiveCfg = Debug|x86
		{9020AC35-A876-4002-BD92-30666319E019}.Debug|Mixed Platforms.Build.0 = Debug|x86
		{9020AC35-A876-4002-BD92-30666319E019}.Debug|x64.ActiveCfg = Debug|x86
		{9020AC35-A876-4002-BD92-30666319E019}.Debug|x86.ActiveCfg = Debug|x86
		{9020AC35-A876-4002-BD92-30666319E019}.Debug|x86.Build.0 = Debug|x86
		{9020AC35-A876-4002-BD92-30666319E019}.Release|Any CPU.ActiveCfg = Release|x86
		{9020AC35-A876-4002-BD92-30666319E019}.Release|Any CPU.Build.0 = Release|x86
		{9020AC35-A876-4002-BD92-30666319E019}.Release|ARM.ActiveCfg = Release|x86
		{9020AC35-A876-4002-BD92-30666319E019}.Release|Mixed Platforms.ActiveCfg = Release|x86
		{9020AC35-A876-4002-BD92-30666319E019}.Release|Mixed Platforms.Build.0 = Release|x86
		{9020AC35-A876-4002-BD92-30666319E019}.Release|x64.ActiveCfg = Release|x86
		{9020AC35-A876-4002-BD92-30666319E019}.Release|x86.ActiveCfg = Release|x86
		{9020AC35-A876-4002-BD92-30666319E019}.Release|x86.Build.0 = Release|x86
		{7111E514-9D2B-47C4-B63B-7C2E32FD145B}.Debug|Any CPU.ActiveCfg = Debug|x86
		{7111E514-9D2B-47C4-B63B-7C2E32FD145B}.Debug|Any CPU.Build.0 = Debug|x86
		{7111E514-9D2B-47C4-B63B-7C2E32FD145B}.Debug|ARM.ActiveCfg = Debug|x86
		{7111E514-9D2B-47C4-B63B-7C2E32FD145B}.Debug|Mixed Platforms.ActiveCfg = Debug|x86
		{7111E514-9D2B-47C4-B63B-7C2E32FD145B}.Debug|Mixed Platforms.Build.0 = Debug|x86
		{7111E514-9D2B-47C4-B63B-7C2E32FD145B}.Debug|x64.ActiveCfg = Debug|x86
		{7111E514-9D2B-47C4-B63B-7C2E32FD145B}.Debug|x86.ActiveCfg = Debug|x86
		{7111E514-9D2B-47C4-B63B-7C2E32FD145B}.Debug|x86.Build.0 = Debug|x86
		{7111E514-9D2B-47C4-B63B-7C2E32FD145B}.Release|Any CPU.ActiveCfg = Release|x86
		{7111E514-9D2B-47C4-B63B-7C2E32FD145B}.Release|Any CPU.Build.0 = Release|x86
		{7111E514-9D2B-47C4-B63B-7C2E32FD145B}.Release|ARM.ActiveCfg = Release|x86
		{7111E514-9D2B-47C4-B63B-7C2E32FD145B}.Release|Mixed Platforms.ActiveCfg = Release|x86
		{7111E514-9D2B-47C4-B63B-7C2E32FD145B}.Release|Mixed Platforms.Build.0 = Release|x86
		{7111E514-9D2B-47C4-B63B-7C2E32FD145B}.Release|x64.ActiveCfg = Release|x86
		{7111E514-9D2B-47C4-B63B-7C2E32FD145B}.Release|x86.ActiveCfg = Release|x86
		{7111E514-9D2B-47C4-B63B-7C2E32FD145B}.Release|x86.Build.0 = Release|x86
		{42DFD935-CEDE-4520-B937-AEBAB894AB7E}.Debug|Any CPU.ActiveCfg = Debug|Any CPU
		{42DFD935-CEDE-4520-B937-AEBAB894AB7E}.Debug|Any CPU.Build.0 = Debug|Any CPU
		{42DFD935-CEDE-4520-B937-AEBAB894AB7E}.Debug|Any CPU.Deploy.0 = Debug|Any CPU
		{42DFD935-CEDE-4520-B937-AEBAB894AB7E}.Debug|ARM.ActiveCfg = Debug|Any CPU
		{42DFD935-CEDE-4520-B937-AEBAB894AB7E}.Debug|Mixed Platforms.ActiveCfg = Debug|Any CPU
		{42DFD935-CEDE-4520-B937-AEBAB894AB7E}.Debug|Mixed Platforms.Build.0 = Debug|Any CPU
		{42DFD935-CEDE-4520-B937-AEBAB894AB7E}.Debug|Mixed Platforms.Deploy.0 = Debug|Any CPU
		{42DFD935-CEDE-4520-B937-AEBAB894AB7E}.Debug|x64.ActiveCfg = Debug|Any CPU
		{42DFD935-CEDE-4520-B937-AEBAB894AB7E}.Debug|x86.ActiveCfg = Debug|Any CPU
		{42DFD935-CEDE-4520-B937-AEBAB894AB7E}.Release|Any CPU.ActiveCfg = Release|Any CPU
		{42DFD935-CEDE-4520-B937-AEBAB894AB7E}.Release|Any CPU.Build.0 = Release|Any CPU
		{42DFD935-CEDE-4520-B937-AEBAB894AB7E}.Release|Any CPU.Deploy.0 = Release|Any CPU
		{42DFD935-CEDE-4520-B937-AEBAB894AB7E}.Release|ARM.ActiveCfg = Release|Any CPU
		{42DFD935-CEDE-4520-B937-AEBAB894AB7E}.Release|Mixed Platforms.ActiveCfg = Release|Any CPU
		{42DFD935-CEDE-4520-B937-AEBAB894AB7E}.Release|Mixed Platforms.Build.0 = Release|Any CPU
		{42DFD935-CEDE-4520-B937-AEBAB894AB7E}.Release|Mixed Platforms.Deploy.0 = Release|Any CPU
		{42DFD935-CEDE-4520-B937-AEBAB894AB7E}.Release|x64.ActiveCfg = Release|Any CPU
		{42DFD935-CEDE-4520-B937-AEBAB894AB7E}.Release|x86.ActiveCfg = Release|Any CPU
		{204A8F2C-DF9E-40E0-9C6E-52726DC1E95F}.Debug|Any CPU.ActiveCfg = Debug|Any CPU
		{204A8F2C-DF9E-40E0-9C6E-52726DC1E95F}.Debug|Any CPU.Build.0 = Debug|Any CPU
		{204A8F2C-DF9E-40E0-9C6E-52726DC1E95F}.Debug|ARM.ActiveCfg = Debug|Any CPU
		{204A8F2C-DF9E-40E0-9C6E-52726DC1E95F}.Debug|Mixed Platforms.ActiveCfg = Debug|Any CPU
		{204A8F2C-DF9E-40E0-9C6E-52726DC1E95F}.Debug|Mixed Platforms.Build.0 = Debug|Any CPU
		{204A8F2C-DF9E-40E0-9C6E-52726DC1E95F}.Debug|x64.ActiveCfg = Debug|Any CPU
		{204A8F2C-DF9E-40E0-9C6E-52726DC1E95F}.Debug|x86.ActiveCfg = Debug|Any CPU
		{204A8F2C-DF9E-40E0-9C6E-52726DC1E95F}.Release|Any CPU.ActiveCfg = Release|Any CPU
		{204A8F2C-DF9E-40E0-9C6E-52726DC1E95F}.Release|Any CPU.Build.0 = Release|Any CPU
		{204A8F2C-DF9E-40E0-9C6E-52726DC1E95F}.Release|ARM.ActiveCfg = Release|Any CPU
		{204A8F2C-DF9E-40E0-9C6E-52726DC1E95F}.Release|Mixed Platforms.ActiveCfg = Release|Any CPU
		{204A8F2C-DF9E-40E0-9C6E-52726DC1E95F}.Release|Mixed Platforms.Build.0 = Release|Any CPU
		{204A8F2C-DF9E-40E0-9C6E-52726DC1E95F}.Release|x64.ActiveCfg = Release|Any CPU
		{204A8F2C-DF9E-40E0-9C6E-52726DC1E95F}.Release|x86.ActiveCfg = Release|Any CPU
		{796DE32B-6EBD-4BBD-8A0F-192148A81781}.Debug|Any CPU.ActiveCfg = Debug|Any CPU
		{796DE32B-6EBD-4BBD-8A0F-192148A81781}.Debug|Any CPU.Build.0 = Debug|Any CPU
		{796DE32B-6EBD-4BBD-8A0F-192148A81781}.Debug|Any CPU.Deploy.0 = Debug|Any CPU
		{796DE32B-6EBD-4BBD-8A0F-192148A81781}.Debug|ARM.ActiveCfg = Debug|Any CPU
		{796DE32B-6EBD-4BBD-8A0F-192148A81781}.Debug|Mixed Platforms.ActiveCfg = Debug|Any CPU
		{796DE32B-6EBD-4BBD-8A0F-192148A81781}.Debug|Mixed Platforms.Build.0 = Debug|Any CPU
		{796DE32B-6EBD-4BBD-8A0F-192148A81781}.Debug|Mixed Platforms.Deploy.0 = Debug|Any CPU
		{796DE32B-6EBD-4BBD-8A0F-192148A81781}.Debug|x64.ActiveCfg = Debug|Any CPU
		{796DE32B-6EBD-4BBD-8A0F-192148A81781}.Debug|x86.ActiveCfg = Debug|Any CPU
		{796DE32B-6EBD-4BBD-8A0F-192148A81781}.Release|Any CPU.ActiveCfg = Release|Any CPU
		{796DE32B-6EBD-4BBD-8A0F-192148A81781}.Release|Any CPU.Build.0 = Release|Any CPU
		{796DE32B-6EBD-4BBD-8A0F-192148A81781}.Release|Any CPU.Deploy.0 = Release|Any CPU
		{796DE32B-6EBD-4BBD-8A0F-192148A81781}.Release|ARM.ActiveCfg = Release|Any CPU
		{796DE32B-6EBD-4BBD-8A0F-192148A81781}.Release|Mixed Platforms.ActiveCfg = Release|Any CPU
		{796DE32B-6EBD-4BBD-8A0F-192148A81781}.Release|Mixed Platforms.Build.0 = Release|Any CPU
		{796DE32B-6EBD-4BBD-8A0F-192148A81781}.Release|Mixed Platforms.Deploy.0 = Release|Any CPU
		{796DE32B-6EBD-4BBD-8A0F-192148A81781}.Release|x64.ActiveCfg = Release|Any CPU
		{796DE32B-6EBD-4BBD-8A0F-192148A81781}.Release|x86.ActiveCfg = Release|Any CPU
		{F5C61BEF-8BEE-44CD-B8A6-70EE593ADCE0}.Debug|Any CPU.ActiveCfg = Debug|Any CPU
		{F5C61BEF-8BEE-44CD-B8A6-70EE593ADCE0}.Debug|Any CPU.Build.0 = Debug|Any CPU
		{F5C61BEF-8BEE-44CD-B8A6-70EE593ADCE0}.Debug|ARM.ActiveCfg = Debug|Any CPU
		{F5C61BEF-8BEE-44CD-B8A6-70EE593ADCE0}.Debug|Mixed Platforms.ActiveCfg = Debug|Any CPU
		{F5C61BEF-8BEE-44CD-B8A6-70EE593ADCE0}.Debug|Mixed Platforms.Build.0 = Debug|Any CPU
		{F5C61BEF-8BEE-44CD-B8A6-70EE593ADCE0}.Debug|x64.ActiveCfg = Debug|Any CPU
		{F5C61BEF-8BEE-44CD-B8A6-70EE593ADCE0}.Debug|x86.ActiveCfg = Debug|Any CPU
		{F5C61BEF-8BEE-44CD-B8A6-70EE593ADCE0}.Release|Any CPU.ActiveCfg = Release|Any CPU
		{F5C61BEF-8BEE-44CD-B8A6-70EE593ADCE0}.Release|Any CPU.Build.0 = Release|Any CPU
		{F5C61BEF-8BEE-44CD-B8A6-70EE593ADCE0}.Release|ARM.ActiveCfg = Release|Any CPU
		{F5C61BEF-8BEE-44CD-B8A6-70EE593ADCE0}.Release|Mixed Platforms.ActiveCfg = Release|Any CPU
		{F5C61BEF-8BEE-44CD-B8A6-70EE593ADCE0}.Release|Mixed Platforms.Build.0 = Release|Any CPU
		{F5C61BEF-8BEE-44CD-B8A6-70EE593ADCE0}.Release|x64.ActiveCfg = Release|Any CPU
		{F5C61BEF-8BEE-44CD-B8A6-70EE593ADCE0}.Release|x86.ActiveCfg = Release|Any CPU
		{1D239050-4D34-4B95-9F5F-699622410F1C}.Debug|Any CPU.ActiveCfg = Debug|Any CPU
		{1D239050-4D34-4B95-9F5F-699622410F1C}.Debug|Any CPU.Build.0 = Debug|Any CPU
		{1D239050-4D34-4B95-9F5F-699622410F1C}.Debug|ARM.ActiveCfg = Debug|ARM
		{1D239050-4D34-4B95-9F5F-699622410F1C}.Debug|ARM.Build.0 = Debug|ARM
		{1D239050-4D34-4B95-9F5F-699622410F1C}.Debug|Mixed Platforms.ActiveCfg = Debug|Any CPU
		{1D239050-4D34-4B95-9F5F-699622410F1C}.Debug|Mixed Platforms.Build.0 = Debug|Any CPU
		{1D239050-4D34-4B95-9F5F-699622410F1C}.Debug|x64.ActiveCfg = Debug|x64
		{1D239050-4D34-4B95-9F5F-699622410F1C}.Debug|x64.Build.0 = Debug|x64
		{1D239050-4D34-4B95-9F5F-699622410F1C}.Debug|x86.ActiveCfg = Debug|x86
		{1D239050-4D34-4B95-9F5F-699622410F1C}.Debug|x86.Build.0 = Debug|x86
		{1D239050-4D34-4B95-9F5F-699622410F1C}.Release|Any CPU.ActiveCfg = Release|Any CPU
		{1D239050-4D34-4B95-9F5F-699622410F1C}.Release|Any CPU.Build.0 = Release|Any CPU
		{1D239050-4D34-4B95-9F5F-699622410F1C}.Release|ARM.ActiveCfg = Release|ARM
		{1D239050-4D34-4B95-9F5F-699622410F1C}.Release|ARM.Build.0 = Release|ARM
		{1D239050-4D34-4B95-9F5F-699622410F1C}.Release|Mixed Platforms.ActiveCfg = Release|Any CPU
		{1D239050-4D34-4B95-9F5F-699622410F1C}.Release|Mixed Platforms.Build.0 = Release|Any CPU
		{1D239050-4D34-4B95-9F5F-699622410F1C}.Release|x64.ActiveCfg = Release|x64
		{1D239050-4D34-4B95-9F5F-699622410F1C}.Release|x64.Build.0 = Release|x64
		{1D239050-4D34-4B95-9F5F-699622410F1C}.Release|x86.ActiveCfg = Release|x86
		{1D239050-4D34-4B95-9F5F-699622410F1C}.Release|x86.Build.0 = Release|x86
		{72985D1C-0493-40E6-9E56-37E3B55BCFBD}.Debug|Any CPU.ActiveCfg = Debug|Any CPU
		{72985D1C-0493-40E6-9E56-37E3B55BCFBD}.Debug|Any CPU.Build.0 = Debug|Any CPU
		{72985D1C-0493-40E6-9E56-37E3B55BCFBD}.Debug|Any CPU.Deploy.0 = Debug|Any CPU
		{72985D1C-0493-40E6-9E56-37E3B55BCFBD}.Debug|ARM.ActiveCfg = Debug|ARM
		{72985D1C-0493-40E6-9E56-37E3B55BCFBD}.Debug|ARM.Build.0 = Debug|ARM
		{72985D1C-0493-40E6-9E56-37E3B55BCFBD}.Debug|ARM.Deploy.0 = Debug|ARM
		{72985D1C-0493-40E6-9E56-37E3B55BCFBD}.Debug|Mixed Platforms.ActiveCfg = Debug|x86
		{72985D1C-0493-40E6-9E56-37E3B55BCFBD}.Debug|Mixed Platforms.Build.0 = Debug|x86
		{72985D1C-0493-40E6-9E56-37E3B55BCFBD}.Debug|Mixed Platforms.Deploy.0 = Debug|x86
		{72985D1C-0493-40E6-9E56-37E3B55BCFBD}.Debug|x64.ActiveCfg = Debug|x64
		{72985D1C-0493-40E6-9E56-37E3B55BCFBD}.Debug|x64.Build.0 = Debug|x64
		{72985D1C-0493-40E6-9E56-37E3B55BCFBD}.Debug|x64.Deploy.0 = Debug|x64
		{72985D1C-0493-40E6-9E56-37E3B55BCFBD}.Debug|x86.ActiveCfg = Debug|x86
		{72985D1C-0493-40E6-9E56-37E3B55BCFBD}.Debug|x86.Build.0 = Debug|x86
		{72985D1C-0493-40E6-9E56-37E3B55BCFBD}.Debug|x86.Deploy.0 = Debug|x86
		{72985D1C-0493-40E6-9E56-37E3B55BCFBD}.Release|Any CPU.ActiveCfg = Release|Any CPU
		{72985D1C-0493-40E6-9E56-37E3B55BCFBD}.Release|Any CPU.Build.0 = Release|Any CPU
		{72985D1C-0493-40E6-9E56-37E3B55BCFBD}.Release|Any CPU.Deploy.0 = Release|Any CPU
		{72985D1C-0493-40E6-9E56-37E3B55BCFBD}.Release|ARM.ActiveCfg = Release|ARM
		{72985D1C-0493-40E6-9E56-37E3B55BCFBD}.Release|ARM.Build.0 = Release|ARM
		{72985D1C-0493-40E6-9E56-37E3B55BCFBD}.Release|ARM.Deploy.0 = Release|ARM
		{72985D1C-0493-40E6-9E56-37E3B55BCFBD}.Release|Mixed Platforms.ActiveCfg = Release|x86
		{72985D1C-0493-40E6-9E56-37E3B55BCFBD}.Release|Mixed Platforms.Build.0 = Release|x86
		{72985D1C-0493-40E6-9E56-37E3B55BCFBD}.Release|Mixed Platforms.Deploy.0 = Release|x86
		{72985D1C-0493-40E6-9E56-37E3B55BCFBD}.Release|x64.ActiveCfg = Release|x64
		{72985D1C-0493-40E6-9E56-37E3B55BCFBD}.Release|x64.Build.0 = Release|x64
		{72985D1C-0493-40E6-9E56-37E3B55BCFBD}.Release|x64.Deploy.0 = Release|x64
		{72985D1C-0493-40E6-9E56-37E3B55BCFBD}.Release|x86.ActiveCfg = Release|x86
		{72985D1C-0493-40E6-9E56-37E3B55BCFBD}.Release|x86.Build.0 = Release|x86
		{72985D1C-0493-40E6-9E56-37E3B55BCFBD}.Release|x86.Deploy.0 = Release|x86
		{2DB22679-F600-48D7-9321-611E6B6A1DF6}.Debug|Any CPU.ActiveCfg = Debug|Any CPU
		{2DB22679-F600-48D7-9321-611E6B6A1DF6}.Debug|Any CPU.Build.0 = Debug|Any CPU
		{2DB22679-F600-48D7-9321-611E6B6A1DF6}.Debug|Any CPU.Deploy.0 = Debug|Any CPU
		{2DB22679-F600-48D7-9321-611E6B6A1DF6}.Debug|ARM.ActiveCfg = Debug|ARM
		{2DB22679-F600-48D7-9321-611E6B6A1DF6}.Debug|ARM.Build.0 = Debug|ARM
		{2DB22679-F600-48D7-9321-611E6B6A1DF6}.Debug|ARM.Deploy.0 = Debug|ARM
		{2DB22679-F600-48D7-9321-611E6B6A1DF6}.Debug|Mixed Platforms.ActiveCfg = Debug|x86
		{2DB22679-F600-48D7-9321-611E6B6A1DF6}.Debug|Mixed Platforms.Build.0 = Debug|x86
		{2DB22679-F600-48D7-9321-611E6B6A1DF6}.Debug|Mixed Platforms.Deploy.0 = Debug|x86
		{2DB22679-F600-48D7-9321-611E6B6A1DF6}.Debug|x64.ActiveCfg = Debug|x64
		{2DB22679-F600-48D7-9321-611E6B6A1DF6}.Debug|x64.Build.0 = Debug|x64
		{2DB22679-F600-48D7-9321-611E6B6A1DF6}.Debug|x64.Deploy.0 = Debug|x64
		{2DB22679-F600-48D7-9321-611E6B6A1DF6}.Debug|x86.ActiveCfg = Debug|x86
		{2DB22679-F600-48D7-9321-611E6B6A1DF6}.Debug|x86.Build.0 = Debug|x86
		{2DB22679-F600-48D7-9321-611E6B6A1DF6}.Debug|x86.Deploy.0 = Debug|x86
		{2DB22679-F600-48D7-9321-611E6B6A1DF6}.Release|Any CPU.ActiveCfg = Release|Any CPU
		{2DB22679-F600-48D7-9321-611E6B6A1DF6}.Release|Any CPU.Build.0 = Release|Any CPU
		{2DB22679-F600-48D7-9321-611E6B6A1DF6}.Release|Any CPU.Deploy.0 = Release|Any CPU
		{2DB22679-F600-48D7-9321-611E6B6A1DF6}.Release|ARM.ActiveCfg = Release|ARM
		{2DB22679-F600-48D7-9321-611E6B6A1DF6}.Release|ARM.Build.0 = Release|ARM
		{2DB22679-F600-48D7-9321-611E6B6A1DF6}.Release|ARM.Deploy.0 = Release|ARM
		{2DB22679-F600-48D7-9321-611E6B6A1DF6}.Release|Mixed Platforms.ActiveCfg = Release|x86
		{2DB22679-F600-48D7-9321-611E6B6A1DF6}.Release|Mixed Platforms.Build.0 = Release|x86
		{2DB22679-F600-48D7-9321-611E6B6A1DF6}.Release|Mixed Platforms.Deploy.0 = Release|x86
		{2DB22679-F600-48D7-9321-611E6B6A1DF6}.Release|x64.ActiveCfg = Release|x64
		{2DB22679-F600-48D7-9321-611E6B6A1DF6}.Release|x64.Build.0 = Release|x64
		{2DB22679-F600-48D7-9321-611E6B6A1DF6}.Release|x64.Deploy.0 = Release|x64
		{2DB22679-F600-48D7-9321-611E6B6A1DF6}.Release|x86.ActiveCfg = Release|x86
		{2DB22679-F600-48D7-9321-611E6B6A1DF6}.Release|x86.Build.0 = Release|x86
		{2DB22679-F600-48D7-9321-611E6B6A1DF6}.Release|x86.Deploy.0 = Release|x86
		{0B20203B-B8B0-4F4A-BB89-5A7308383338}.Debug|Any CPU.ActiveCfg = Debug|Any CPU
		{0B20203B-B8B0-4F4A-BB89-5A7308383338}.Debug|Any CPU.Build.0 = Debug|Any CPU
		{0B20203B-B8B0-4F4A-BB89-5A7308383338}.Debug|ARM.ActiveCfg = Debug|Any CPU
		{0B20203B-B8B0-4F4A-BB89-5A7308383338}.Debug|Mixed Platforms.ActiveCfg = Debug|Any CPU
		{0B20203B-B8B0-4F4A-BB89-5A7308383338}.Debug|Mixed Platforms.Build.0 = Debug|Any CPU
		{0B20203B-B8B0-4F4A-BB89-5A7308383338}.Debug|x64.ActiveCfg = Debug|Any CPU
		{0B20203B-B8B0-4F4A-BB89-5A7308383338}.Debug|x86.ActiveCfg = Debug|Any CPU
		{0B20203B-B8B0-4F4A-BB89-5A7308383338}.Release|Any CPU.ActiveCfg = Release|Any CPU
		{0B20203B-B8B0-4F4A-BB89-5A7308383338}.Release|Any CPU.Build.0 = Release|Any CPU
		{0B20203B-B8B0-4F4A-BB89-5A7308383338}.Release|ARM.ActiveCfg = Release|Any CPU
		{0B20203B-B8B0-4F4A-BB89-5A7308383338}.Release|Mixed Platforms.ActiveCfg = Release|Any CPU
		{0B20203B-B8B0-4F4A-BB89-5A7308383338}.Release|Mixed Platforms.Build.0 = Release|Any CPU
		{0B20203B-B8B0-4F4A-BB89-5A7308383338}.Release|x64.ActiveCfg = Release|Any CPU
		{0B20203B-B8B0-4F4A-BB89-5A7308383338}.Release|x86.ActiveCfg = Release|Any CPU
		{9A483664-6C64-4B3B-A5CB-F2575D1F4148}.Debug|Any CPU.ActiveCfg = Debug|Any CPU
		{9A483664-6C64-4B3B-A5CB-F2575D1F4148}.Debug|Any CPU.Build.0 = Debug|Any CPU
		{9A483664-6C64-4B3B-A5CB-F2575D1F4148}.Debug|ARM.ActiveCfg = Debug|Any CPU
		{9A483664-6C64-4B3B-A5CB-F2575D1F4148}.Debug|Mixed Platforms.ActiveCfg = Debug|Any CPU
		{9A483664-6C64-4B3B-A5CB-F2575D1F4148}.Debug|Mixed Platforms.Build.0 = Debug|Any CPU
		{9A483664-6C64-4B3B-A5CB-F2575D1F4148}.Debug|x64.ActiveCfg = Debug|Any CPU
		{9A483664-6C64-4B3B-A5CB-F2575D1F4148}.Debug|x86.ActiveCfg = Debug|Any CPU
		{9A483664-6C64-4B3B-A5CB-F2575D1F4148}.Release|Any CPU.ActiveCfg = Release|Any CPU
		{9A483664-6C64-4B3B-A5CB-F2575D1F4148}.Release|Any CPU.Build.0 = Release|Any CPU
		{9A483664-6C64-4B3B-A5CB-F2575D1F4148}.Release|ARM.ActiveCfg = Release|Any CPU
		{9A483664-6C64-4B3B-A5CB-F2575D1F4148}.Release|Mixed Platforms.ActiveCfg = Release|Any CPU
		{9A483664-6C64-4B3B-A5CB-F2575D1F4148}.Release|Mixed Platforms.Build.0 = Release|Any CPU
		{9A483664-6C64-4B3B-A5CB-F2575D1F4148}.Release|x64.ActiveCfg = Release|Any CPU
		{9A483664-6C64-4B3B-A5CB-F2575D1F4148}.Release|x86.ActiveCfg = Release|Any CPU
		{4822631D-777E-4A52-BDBF-9B039EDF241C}.Debug|Any CPU.ActiveCfg = Debug|Any CPU
		{4822631D-777E-4A52-BDBF-9B039EDF241C}.Debug|Any CPU.Build.0 = Debug|Any CPU
		{4822631D-777E-4A52-BDBF-9B039EDF241C}.Debug|Any CPU.Deploy.0 = Debug|Any CPU
		{4822631D-777E-4A52-BDBF-9B039EDF241C}.Debug|ARM.ActiveCfg = Debug|ARM
		{4822631D-777E-4A52-BDBF-9B039EDF241C}.Debug|ARM.Build.0 = Debug|ARM
		{4822631D-777E-4A52-BDBF-9B039EDF241C}.Debug|ARM.Deploy.0 = Debug|ARM
		{4822631D-777E-4A52-BDBF-9B039EDF241C}.Debug|Mixed Platforms.ActiveCfg = Debug|x86
		{4822631D-777E-4A52-BDBF-9B039EDF241C}.Debug|Mixed Platforms.Build.0 = Debug|x86
		{4822631D-777E-4A52-BDBF-9B039EDF241C}.Debug|Mixed Platforms.Deploy.0 = Debug|x86
		{4822631D-777E-4A52-BDBF-9B039EDF241C}.Debug|x64.ActiveCfg = Debug|Any CPU
		{4822631D-777E-4A52-BDBF-9B039EDF241C}.Debug|x86.ActiveCfg = Debug|x86
		{4822631D-777E-4A52-BDBF-9B039EDF241C}.Debug|x86.Build.0 = Debug|x86
		{4822631D-777E-4A52-BDBF-9B039EDF241C}.Debug|x86.Deploy.0 = Debug|x86
		{4822631D-777E-4A52-BDBF-9B039EDF241C}.Release|Any CPU.ActiveCfg = Release|Any CPU
		{4822631D-777E-4A52-BDBF-9B039EDF241C}.Release|Any CPU.Build.0 = Release|Any CPU
		{4822631D-777E-4A52-BDBF-9B039EDF241C}.Release|Any CPU.Deploy.0 = Release|Any CPU
		{4822631D-777E-4A52-BDBF-9B039EDF241C}.Release|ARM.ActiveCfg = Release|ARM
		{4822631D-777E-4A52-BDBF-9B039EDF241C}.Release|ARM.Build.0 = Release|ARM
		{4822631D-777E-4A52-BDBF-9B039EDF241C}.Release|ARM.Deploy.0 = Release|ARM
		{4822631D-777E-4A52-BDBF-9B039EDF241C}.Release|Mixed Platforms.ActiveCfg = Release|x86
		{4822631D-777E-4A52-BDBF-9B039EDF241C}.Release|Mixed Platforms.Build.0 = Release|x86
		{4822631D-777E-4A52-BDBF-9B039EDF241C}.Release|Mixed Platforms.Deploy.0 = Release|x86
		{4822631D-777E-4A52-BDBF-9B039EDF241C}.Release|x64.ActiveCfg = Release|Any CPU
		{4822631D-777E-4A52-BDBF-9B039EDF241C}.Release|x86.ActiveCfg = Release|x86
		{4822631D-777E-4A52-BDBF-9B039EDF241C}.Release|x86.Build.0 = Release|x86
		{4822631D-777E-4A52-BDBF-9B039EDF241C}.Release|x86.Deploy.0 = Release|x86
		{9DC2C6F0-DD7D-4E26-85C5-39F0A5D2D349}.Debug|Any CPU.ActiveCfg = Debug|Any CPU
		{9DC2C6F0-DD7D-4E26-85C5-39F0A5D2D349}.Debug|Any CPU.Build.0 = Debug|Any CPU
		{9DC2C6F0-DD7D-4E26-85C5-39F0A5D2D349}.Debug|Any CPU.Deploy.0 = Debug|Any CPU
		{9DC2C6F0-DD7D-4E26-85C5-39F0A5D2D349}.Debug|ARM.ActiveCfg = Debug|ARM
		{9DC2C6F0-DD7D-4E26-85C5-39F0A5D2D349}.Debug|ARM.Build.0 = Debug|ARM
		{9DC2C6F0-DD7D-4E26-85C5-39F0A5D2D349}.Debug|ARM.Deploy.0 = Debug|ARM
		{9DC2C6F0-DD7D-4E26-85C5-39F0A5D2D349}.Debug|Mixed Platforms.ActiveCfg = Debug|x86
		{9DC2C6F0-DD7D-4E26-85C5-39F0A5D2D349}.Debug|Mixed Platforms.Build.0 = Debug|x86
		{9DC2C6F0-DD7D-4E26-85C5-39F0A5D2D349}.Debug|Mixed Platforms.Deploy.0 = Debug|x86
		{9DC2C6F0-DD7D-4E26-85C5-39F0A5D2D349}.Debug|x64.ActiveCfg = Debug|x64
		{9DC2C6F0-DD7D-4E26-85C5-39F0A5D2D349}.Debug|x64.Build.0 = Debug|x64
		{9DC2C6F0-DD7D-4E26-85C5-39F0A5D2D349}.Debug|x64.Deploy.0 = Debug|x64
		{9DC2C6F0-DD7D-4E26-85C5-39F0A5D2D349}.Debug|x86.ActiveCfg = Debug|x86
		{9DC2C6F0-DD7D-4E26-85C5-39F0A5D2D349}.Debug|x86.Build.0 = Debug|x86
		{9DC2C6F0-DD7D-4E26-85C5-39F0A5D2D349}.Debug|x86.Deploy.0 = Debug|x86
		{9DC2C6F0-DD7D-4E26-85C5-39F0A5D2D349}.Release|Any CPU.ActiveCfg = Release|Any CPU
		{9DC2C6F0-DD7D-4E26-85C5-39F0A5D2D349}.Release|Any CPU.Build.0 = Release|Any CPU
		{9DC2C6F0-DD7D-4E26-85C5-39F0A5D2D349}.Release|Any CPU.Deploy.0 = Release|Any CPU
		{9DC2C6F0-DD7D-4E26-85C5-39F0A5D2D349}.Release|ARM.ActiveCfg = Release|ARM
		{9DC2C6F0-DD7D-4E26-85C5-39F0A5D2D349}.Release|ARM.Build.0 = Release|ARM
		{9DC2C6F0-DD7D-4E26-85C5-39F0A5D2D349}.Release|ARM.Deploy.0 = Release|ARM
		{9DC2C6F0-DD7D-4E26-85C5-39F0A5D2D349}.Release|Mixed Platforms.ActiveCfg = Release|x86
		{9DC2C6F0-DD7D-4E26-85C5-39F0A5D2D349}.Release|Mixed Platforms.Build.0 = Release|x86
		{9DC2C6F0-DD7D-4E26-85C5-39F0A5D2D349}.Release|Mixed Platforms.Deploy.0 = Release|x86
		{9DC2C6F0-DD7D-4E26-85C5-39F0A5D2D349}.Release|x64.ActiveCfg = Release|x64
		{9DC2C6F0-DD7D-4E26-85C5-39F0A5D2D349}.Release|x64.Build.0 = Release|x64
		{9DC2C6F0-DD7D-4E26-85C5-39F0A5D2D349}.Release|x64.Deploy.0 = Release|x64
		{9DC2C6F0-DD7D-4E26-85C5-39F0A5D2D349}.Release|x86.ActiveCfg = Release|x86
		{9DC2C6F0-DD7D-4E26-85C5-39F0A5D2D349}.Release|x86.Build.0 = Release|x86
		{9DC2C6F0-DD7D-4E26-85C5-39F0A5D2D349}.Release|x86.Deploy.0 = Release|x86
		{254C1851-9DA8-4C73-844F-BF4899CBFCF0}.Debug|Any CPU.ActiveCfg = Debug|Any CPU
		{254C1851-9DA8-4C73-844F-BF4899CBFCF0}.Debug|Any CPU.Build.0 = Debug|Any CPU
		{254C1851-9DA8-4C73-844F-BF4899CBFCF0}.Debug|Any CPU.Deploy.0 = Debug|Any CPU
		{254C1851-9DA8-4C73-844F-BF4899CBFCF0}.Debug|ARM.ActiveCfg = Debug|ARM
		{254C1851-9DA8-4C73-844F-BF4899CBFCF0}.Debug|ARM.Build.0 = Debug|ARM
		{254C1851-9DA8-4C73-844F-BF4899CBFCF0}.Debug|ARM.Deploy.0 = Debug|ARM
		{254C1851-9DA8-4C73-844F-BF4899CBFCF0}.Debug|Mixed Platforms.ActiveCfg = Debug|x86
		{254C1851-9DA8-4C73-844F-BF4899CBFCF0}.Debug|Mixed Platforms.Build.0 = Debug|x86
		{254C1851-9DA8-4C73-844F-BF4899CBFCF0}.Debug|Mixed Platforms.Deploy.0 = Debug|x86
		{254C1851-9DA8-4C73-844F-BF4899CBFCF0}.Debug|x64.ActiveCfg = Debug|Any CPU
		{254C1851-9DA8-4C73-844F-BF4899CBFCF0}.Debug|x86.ActiveCfg = Debug|x86
		{254C1851-9DA8-4C73-844F-BF4899CBFCF0}.Debug|x86.Build.0 = Debug|x86
		{254C1851-9DA8-4C73-844F-BF4899CBFCF0}.Debug|x86.Deploy.0 = Debug|x86
		{254C1851-9DA8-4C73-844F-BF4899CBFCF0}.Release|Any CPU.ActiveCfg = Release|Any CPU
		{254C1851-9DA8-4C73-844F-BF4899CBFCF0}.Release|Any CPU.Build.0 = Release|Any CPU
		{254C1851-9DA8-4C73-844F-BF4899CBFCF0}.Release|Any CPU.Deploy.0 = Release|Any CPU
		{254C1851-9DA8-4C73-844F-BF4899CBFCF0}.Release|ARM.ActiveCfg = Release|ARM
		{254C1851-9DA8-4C73-844F-BF4899CBFCF0}.Release|ARM.Build.0 = Release|ARM
		{254C1851-9DA8-4C73-844F-BF4899CBFCF0}.Release|ARM.Deploy.0 = Release|ARM
		{254C1851-9DA8-4C73-844F-BF4899CBFCF0}.Release|Mixed Platforms.ActiveCfg = Release|x86
		{254C1851-9DA8-4C73-844F-BF4899CBFCF0}.Release|Mixed Platforms.Build.0 = Release|x86
		{254C1851-9DA8-4C73-844F-BF4899CBFCF0}.Release|Mixed Platforms.Deploy.0 = Release|x86
		{254C1851-9DA8-4C73-844F-BF4899CBFCF0}.Release|x64.ActiveCfg = Release|Any CPU
		{254C1851-9DA8-4C73-844F-BF4899CBFCF0}.Release|x86.ActiveCfg = Release|x86
		{254C1851-9DA8-4C73-844F-BF4899CBFCF0}.Release|x86.Build.0 = Release|x86
		{254C1851-9DA8-4C73-844F-BF4899CBFCF0}.Release|x86.Deploy.0 = Release|x86
		{EB158C66-40D8-4F2A-879C-BA8EF6AE89E4}.Debug|Any CPU.ActiveCfg = Debug|Any CPU
		{EB158C66-40D8-4F2A-879C-BA8EF6AE89E4}.Debug|Any CPU.Build.0 = Debug|Any CPU
		{EB158C66-40D8-4F2A-879C-BA8EF6AE89E4}.Debug|ARM.ActiveCfg = Debug|Any CPU
		{EB158C66-40D8-4F2A-879C-BA8EF6AE89E4}.Debug|Mixed Platforms.ActiveCfg = Debug|Any CPU
		{EB158C66-40D8-4F2A-879C-BA8EF6AE89E4}.Debug|Mixed Platforms.Build.0 = Debug|Any CPU
		{EB158C66-40D8-4F2A-879C-BA8EF6AE89E4}.Debug|x64.ActiveCfg = Debug|Any CPU
		{EB158C66-40D8-4F2A-879C-BA8EF6AE89E4}.Debug|x86.ActiveCfg = Debug|Any CPU
		{EB158C66-40D8-4F2A-879C-BA8EF6AE89E4}.Release|Any CPU.ActiveCfg = Release|Any CPU
		{EB158C66-40D8-4F2A-879C-BA8EF6AE89E4}.Release|Any CPU.Build.0 = Release|Any CPU
		{EB158C66-40D8-4F2A-879C-BA8EF6AE89E4}.Release|ARM.ActiveCfg = Release|Any CPU
		{EB158C66-40D8-4F2A-879C-BA8EF6AE89E4}.Release|Mixed Platforms.ActiveCfg = Release|Any CPU
		{EB158C66-40D8-4F2A-879C-BA8EF6AE89E4}.Release|Mixed Platforms.Build.0 = Release|Any CPU
		{EB158C66-40D8-4F2A-879C-BA8EF6AE89E4}.Release|x64.ActiveCfg = Release|Any CPU
		{EB158C66-40D8-4F2A-879C-BA8EF6AE89E4}.Release|x86.ActiveCfg = Release|Any CPU
		{0A769A8A-ABAD-4A6D-B90D-DDB4D52CA711}.Debug|Any CPU.ActiveCfg = Debug|Any CPU
		{0A769A8A-ABAD-4A6D-B90D-DDB4D52CA711}.Debug|Any CPU.Build.0 = Debug|Any CPU
		{0A769A8A-ABAD-4A6D-B90D-DDB4D52CA711}.Debug|ARM.ActiveCfg = Debug|Any CPU
		{0A769A8A-ABAD-4A6D-B90D-DDB4D52CA711}.Debug|Mixed Platforms.ActiveCfg = Debug|Any CPU
		{0A769A8A-ABAD-4A6D-B90D-DDB4D52CA711}.Debug|Mixed Platforms.Build.0 = Debug|Any CPU
		{0A769A8A-ABAD-4A6D-B90D-DDB4D52CA711}.Debug|x64.ActiveCfg = Debug|Any CPU
		{0A769A8A-ABAD-4A6D-B90D-DDB4D52CA711}.Debug|x86.ActiveCfg = Debug|Any CPU
		{0A769A8A-ABAD-4A6D-B90D-DDB4D52CA711}.Release|Any CPU.ActiveCfg = Release|Any CPU
		{0A769A8A-ABAD-4A6D-B90D-DDB4D52CA711}.Release|Any CPU.Build.0 = Release|Any CPU
		{0A769A8A-ABAD-4A6D-B90D-DDB4D52CA711}.Release|ARM.ActiveCfg = Release|Any CPU
		{0A769A8A-ABAD-4A6D-B90D-DDB4D52CA711}.Release|Mixed Platforms.ActiveCfg = Release|Any CPU
		{0A769A8A-ABAD-4A6D-B90D-DDB4D52CA711}.Release|Mixed Platforms.Build.0 = Release|Any CPU
		{0A769A8A-ABAD-4A6D-B90D-DDB4D52CA711}.Release|x64.ActiveCfg = Release|Any CPU
		{0A769A8A-ABAD-4A6D-B90D-DDB4D52CA711}.Release|x86.ActiveCfg = Release|Any CPU
	EndGlobalSection
	GlobalSection(SolutionProperties) = preSolution
		HideSolutionNode = FALSE
	EndGlobalSection
	GlobalSection(NestedProjects) = preSolution
		{255CC1F7-0442-4B32-A517-DF69B958382C} = {D6914E32-562F-4A82-AAF4-E9A7AB36D4C3}
		{F7655AA5-7444-4FF7-A816-4F680E980CDB} = {D6914E32-562F-4A82-AAF4-E9A7AB36D4C3}
		{12A8802E-1EF7-44CC-927F-333D0E5221C7} = {D6914E32-562F-4A82-AAF4-E9A7AB36D4C3}
		{3B98853F-786A-444B-887D-A8149364DA7E} = {D6914E32-562F-4A82-AAF4-E9A7AB36D4C3}
		{90E2BCA2-72D9-4E7E-9B20-76B5C8D92C81} = {D6914E32-562F-4A82-AAF4-E9A7AB36D4C3}
		{B0AA6A94-6784-4221-81F0-244A68C374C0} = {299BE8E6-6ACC-43E1-B4AC-DAF1BEAA6362}
		{EBAE3620-C67D-4313-AEDC-9D336C71EC29} = {299BE8E6-6ACC-43E1-B4AC-DAF1BEAA6362}
		{7449175B-5E83-46E3-B67D-120319BCDCC5} = {299BE8E6-6ACC-43E1-B4AC-DAF1BEAA6362}
		{9020AC35-A876-4002-BD92-30666319E019} = {299BE8E6-6ACC-43E1-B4AC-DAF1BEAA6362}
		{7111E514-9D2B-47C4-B63B-7C2E32FD145B} = {299BE8E6-6ACC-43E1-B4AC-DAF1BEAA6362}
		{42DFD935-CEDE-4520-B937-AEBAB894AB7E} = {F7E1AF83-3253-4076-9295-802E5CCDC0C3}
		{204A8F2C-DF9E-40E0-9C6E-52726DC1E95F} = {F7E1AF83-3253-4076-9295-802E5CCDC0C3}
		{796DE32B-6EBD-4BBD-8A0F-192148A81781} = {F7E1AF83-3253-4076-9295-802E5CCDC0C3}
		{F5C61BEF-8BEE-44CD-B8A6-70EE593ADCE0} = {F7E1AF83-3253-4076-9295-802E5CCDC0C3}
		{1D239050-4D34-4B95-9F5F-699622410F1C} = {ACC5DD04-97FC-4A45-B3D9-4A8DD95A398A}
		{72985D1C-0493-40E6-9E56-37E3B55BCFBD} = {ACC5DD04-97FC-4A45-B3D9-4A8DD95A398A}
		{2DB22679-F600-48D7-9321-611E6B6A1DF6} = {ACC5DD04-97FC-4A45-B3D9-4A8DD95A398A}
		{0B20203B-B8B0-4F4A-BB89-5A7308383338} = {453AB449-362F-4668-AE23-AFDD5644B9BB}
		{9A483664-6C64-4B3B-A5CB-F2575D1F4148} = {453AB449-362F-4668-AE23-AFDD5644B9BB}
		{4822631D-777E-4A52-BDBF-9B039EDF241C} = {453AB449-362F-4668-AE23-AFDD5644B9BB}
		{9DC2C6F0-DD7D-4E26-85C5-39F0A5D2D349} = {ACC5DD04-97FC-4A45-B3D9-4A8DD95A398A}
		{254C1851-9DA8-4C73-844F-BF4899CBFCF0} = {453AB449-362F-4668-AE23-AFDD5644B9BB}
		{EB158C66-40D8-4F2A-879C-BA8EF6AE89E4} = {299BE8E6-6ACC-43E1-B4AC-DAF1BEAA6362}
		{0A769A8A-ABAD-4A6D-B90D-DDB4D52CA711} = {299BE8E6-6ACC-43E1-B4AC-DAF1BEAA6362}
	EndGlobalSection
EndGlobal
