
Microsoft Visual Studio Solution File, Format Version 11.00
# Visual Studio 2010
Project("{FAE04EC0-301F-11D3-BF4B-00C04F79EFBC}") = "WriteableBitmapExWinPhone", "..\Source\WriteableBitmapEx\WriteableBitmapExWinPhone.csproj", "{204A8F2C-DF9E-40E0-9C6E-52726DC1E95F}"
EndProject
Project("{FAE04EC0-301F-11D3-BF4B-00C04F79EFBC}") = "WriteableBitmapExWinPhoneCurveSample", "..\Source\WriteableBitmapExWinPhoneCurveSample\WriteableBitmapExWinPhoneCurveSample.csproj", "{796DE32B-6EBD-4BBD-8A0F-192148A81781}"
EndProject
Project("{FAE04EC0-301F-11D3-BF4B-00C04F79EFBC}") = "WriteableBitmapExWinPhoneXnaDependant", "..\Source\WriteableBitmapExWinPhoneXnaDependant\WriteableBitmapExWinPhoneXnaDependant.csproj", "{F5C61BEF-8BEE-44CD-B8A6-70EE593ADCE0}"
EndProject
Global
	GlobalSection(SolutionConfigurationPlatforms) = preSolution
		Debug|Any CPU = Debug|Any CPU
		Release|Any CPU = Release|Any CPU
	EndGlobalSection
	GlobalSection(ProjectConfigurationPlatforms) = postSolution
		{204A8F2C-DF9E-40E0-9C6E-52726DC1E95F}.Debug|Any CPU.ActiveCfg = Debug|Any CPU
		{204A8F2C-DF9E-40E0-9C6E-52726DC1E95F}.Debug|Any CPU.Build.0 = Debug|Any CPU
		{204A8F2C-DF9E-40E0-9C6E-52726DC1E95F}.Release|Any CPU.ActiveCfg = Release|Any CPU
		{204A8F2C-DF9E-40E0-9C6E-52726DC1E95F}.Release|Any CPU.Build.0 = Release|Any CPU
		{796DE32B-6EBD-4BBD-8A0F-192148A81781}.Debug|Any CPU.ActiveCfg = Debug|Any CPU
		{796DE32B-6EBD-4BBD-8A0F-192148A81781}.Debug|Any CPU.Build.0 = Debug|Any CPU
		{796DE32B-6EBD-4BBD-8A0F-192148A81781}.Debug|Any CPU.Deploy.0 = Debug|Any CPU
		{796DE32B-6EBD-4BBD-8A0F-192148A81781}.Release|Any CPU.ActiveCfg = Release|Any CPU
		{796DE32B-6EBD-4BBD-8A0F-192148A81781}.Release|Any CPU.Build.0 = Release|Any CPU
		{796DE32B-6EBD-4BBD-8A0F-192148A81781}.Release|Any CPU.Deploy.0 = Release|Any CPU
		{F5C61BEF-8BEE-44CD-B8A6-70EE593ADCE0}.Debug|Any CPU.ActiveCfg = Debug|Any CPU
		{F5C61BEF-8BEE-44CD-B8A6-70EE593ADCE0}.Debug|Any CPU.Build.0 = Debug|Any CPU
		{F5C61BEF-8BEE-44CD-B8A6-70EE593ADCE0}.Release|Any CPU.ActiveCfg = Release|Any CPU
		{F5C61BEF-8BEE-44CD-B8A6-70EE593ADCE0}.Release|Any CPU.Build.0 = Release|Any CPU
	EndGlobalSection
	GlobalSection(SolutionProperties) = preSolution
		HideSolutionNode = FALSE
	EndGlobalSection
EndGlobal
