
Microsoft Visual Studio Solution File, Format Version 11.00
# Visual Web Developer Express 2010
Project("{FAE04EC0-301F-11D3-BF4B-00C04F79EFBC}") = "WriteableBitmapEx", "..\Source\WriteableBitmapEx\WriteableBitmapEx.csproj", "{255CC1F7-0442-4B32-A517-DF69B958382C}"
EndProject
Global
	GlobalSection(SolutionConfigurationPlatforms) = preSolution
		Debug|Any CPU = Debug|Any CPU
		Release|Any CPU = Release|Any CPU
	EndGlobalSection
	GlobalSection(ProjectConfigurationPlatforms) = postSolution
		{255CC1F7-0442-4B32-A517-DF69B958382C}.Debug|Any CPU.ActiveCfg = Debug|Any CPU
		{255CC1F7-0442-4B32-A517-DF69B958382C}.Debug|Any CPU.Build.0 = Debug|Any CPU
		{255CC1F7-0442-4B32-A517-DF69B958382C}.Release|Any CPU.ActiveCfg = Release|Any CPU
		{255CC1F7-0442-4B32-A517-DF69B958382C}.Release|Any CPU.Build.0 = Release|Any CPU
	EndGlobalSection
	GlobalSection(SolutionProperties) = preSolution
		HideSolutionNode = FALSE
	EndGlobalSection
EndGlobal
