
Microsoft Visual Studio Solution File, Format Version 12.00
# Visual Studio 15
VisualStudioVersion = 15.0.28307.271
MinimumVisualStudioVersion = 10.0.40219.1
Project("{2150E333-8FDC-42A3-9474-1A3956D46DE8}") = "Wpf", "Wpf", "{299BE8E6-6ACC-43E1-B4AC-DAF1BEAA6362}"
EndProject
Project("{9A19103F-16F7-4668-BE54-9A1E7A4F7556}") = "WriteableBitmapEx.Wpf", "..\Source\WriteableBitmapEx.Wpf\WriteableBitmapEx.Wpf.csproj", "{B0AA6A94-6784-4221-81F0-244A68C374C0}"
EndProject
Project("{9A19103F-16F7-4668-BE54-9A1E7A4F7556}") = "WriteableBitmapExCurveSample.Wpf", "..\Source\WriteableBitmapExCurveSample.Wpf\WriteableBitmapExCurveSample.Wpf.csproj", "{EBAE3620-C67D-4313-AEDC-9D336C71EC29}"
EndProject
Project("{9A19103F-16F7-4668-BE54-9A1E7A4F7556}") = "WriteableBitmapExBlitSample.Wpf", "..\Source\WriteableBitmapExBlitSample.Wpf\WriteableBitmapExBlitSample.Wpf.csproj", "{7449175B-5E83-46E3-B67D-120319BCDCC5}"
EndProject
Project("{9A19103F-16F7-4668-BE54-9A1E7A4F7556}") = "WriteableBitmapExShapeSample.Wpf", "..\Source\WriteableBitmapExShapeSample.Wpf\WriteableBitmapExShapeSample.Wpf.csproj", "{9020AC35-A876-4002-BD92-30666319E019}"
EndProject
Project("{9A19103F-16F7-4668-BE54-9A1E7A4F7556}") = "WriteableBitmapExFillSample.Wpf", "..\Source\WriteableBitmapExFillSample.Wpf\WriteableBitmapExFillSample.Wpf.csproj", "{7111E514-9D2B-47C4-B63B-7C2E32FD145B}"
EndProject
Project("{9A19103F-16F7-4668-BE54-9A1E7A4F7556}") = "WriteableBitmapExBlitAlphaRepro.Wpf", "..\Source\WriteableBitmapExBlitAlphaRepro.Wpf\WriteableBitmapExBlitAlphaRepro.Wpf.csproj", "{EB158C66-40D8-4F2A-879C-BA8EF6AE89E4}"
EndProject
Project("{9A19103F-16F7-4668-BE54-9A1E7A4F7556}") = "WriteableBitmapExEllipseAlphaRepro.Wpf", "..\Source\WriteableBitmapExEllipseAlphaRepro.Wpf\WriteableBitmapExEllipseAlphaRepro.Wpf.csproj", "{0A769A8A-ABAD-4A6D-B90D-DDB4D52CA711}"
EndProject
Project("{2150E333-8FDC-42A3-9474-1A3956D46DE8}") = "UWP", "UWP", "{17878B42-C314-4A63-B568-A37BCD4103F0}"
EndProject
Project("{FAE04EC0-301F-11D3-BF4B-00C04F79EFBC}") = "WriteableBitmapEx.Uwp", "..\Source\WriteableBitmapEx.Uwp\WriteableBitmapEx.Uwp.csproj", "{1A12BEA4-90FF-47CC-A76E-3794251A7634}"
EndProject
Project("{FAE04EC0-301F-11D3-BF4B-00C04F79EFBC}") = "WriteableBitmapExBlitSample.Uwp", "..\Source\WriteableBitmapExBlitSample.Uwp\WriteableBitmapExBlitSample.Uwp.csproj", "{5AB055AD-8486-438C-89A4-8795D83C3E9B}"
EndProject
Global
	GlobalSection(SolutionConfigurationPlatforms) = preSolution
		Debug|Any CPU = Debug|Any CPU
		Debug|ARM = Debug|ARM
		Debug|ARM64 = Debug|ARM64
		Debug|Mixed Platforms = Debug|Mixed Platforms
		Debug|x64 = Debug|x64
		Debug|x86 = Debug|x86
		Release|Any CPU = Release|Any CPU
		Release|ARM = Release|ARM
		Release|ARM64 = Release|ARM64
		Release|Mixed Platforms = Release|Mixed Platforms
		Release|x64 = Release|x64
		Release|x86 = Release|x86
	EndGlobalSection
	GlobalSection(ProjectConfigurationPlatforms) = postSolution
		{B0AA6A94-6784-4221-81F0-244A68C374C0}.Debug|Any CPU.ActiveCfg = Debug|Any CPU
		{B0AA6A94-6784-4221-81F0-244A68C374C0}.Debug|Any CPU.Build.0 = Debug|Any CPU
		{B0AA6A94-6784-4221-81F0-244A68C374C0}.Debug|ARM.ActiveCfg = Debug|Any CPU
		{B0AA6A94-6784-4221-81F0-244A68C374C0}.Debug|ARM64.ActiveCfg = Debug|Any CPU
		{B0AA6A94-6784-4221-81F0-244A68C374C0}.Debug|ARM64.Build.0 = Debug|Any CPU
		{B0AA6A94-6784-4221-81F0-244A68C374C0}.Debug|Mixed Platforms.ActiveCfg = Debug|Any CPU
		{B0AA6A94-6784-4221-81F0-244A68C374C0}.Debug|Mixed Platforms.Build.0 = Debug|Any CPU
		{B0AA6A94-6784-4221-81F0-244A68C374C0}.Debug|x64.ActiveCfg = Debug|Any CPU
		{B0AA6A94-6784-4221-81F0-244A68C374C0}.Debug|x86.ActiveCfg = Debug|Any CPU
		{B0AA6A94-6784-4221-81F0-244A68C374C0}.Release|Any CPU.ActiveCfg = Release|Any CPU
		{B0AA6A94-6784-4221-81F0-244A68C374C0}.Release|Any CPU.Build.0 = Release|Any CPU
		{B0AA6A94-6784-4221-81F0-244A68C374C0}.Release|ARM.ActiveCfg = Release|Any CPU
		{B0AA6A94-6784-4221-81F0-244A68C374C0}.Release|ARM64.ActiveCfg = Release|Any CPU
		{B0AA6A94-6784-4221-81F0-244A68C374C0}.Release|ARM64.Build.0 = Release|Any CPU
		{B0AA6A94-6784-4221-81F0-244A68C374C0}.Release|Mixed Platforms.ActiveCfg = Release|Any CPU
		{B0AA6A94-6784-4221-81F0-244A68C374C0}.Release|Mixed Platforms.Build.0 = Release|Any CPU
		{B0AA6A94-6784-4221-81F0-244A68C374C0}.Release|x64.ActiveCfg = Release|Any CPU
		{B0AA6A94-6784-4221-81F0-244A68C374C0}.Release|x86.ActiveCfg = Release|Any CPU
		{EBAE3620-C67D-4313-AEDC-9D336C71EC29}.Debug|Any CPU.ActiveCfg = Debug|Any CPU
		{EBAE3620-C67D-4313-AEDC-9D336C71EC29}.Debug|Any CPU.Build.0 = Debug|Any CPU
		{EBAE3620-C67D-4313-AEDC-9D336C71EC29}.Debug|ARM.ActiveCfg = Debug|Any CPU
		{EBAE3620-C67D-4313-AEDC-9D336C71EC29}.Debug|ARM.Build.0 = Debug|Any CPU
		{EBAE3620-C67D-4313-AEDC-9D336C71EC29}.Debug|ARM64.ActiveCfg = Debug|Any CPU
		{EBAE3620-C67D-4313-AEDC-9D336C71EC29}.Debug|ARM64.Build.0 = Debug|Any CPU
		{EBAE3620-C67D-4313-AEDC-9D336C71EC29}.Debug|Mixed Platforms.ActiveCfg = Debug|Any CPU
		{EBAE3620-C67D-4313-AEDC-9D336C71EC29}.Debug|Mixed Platforms.Build.0 = Debug|Any CPU
		{EBAE3620-C67D-4313-AEDC-9D336C71EC29}.Debug|x64.ActiveCfg = Debug|Any CPU
		{EBAE3620-C67D-4313-AEDC-9D336C71EC29}.Debug|x64.Build.0 = Debug|Any CPU
		{EBAE3620-C67D-4313-AEDC-9D336C71EC29}.Debug|x86.ActiveCfg = Debug|Any CPU
		{EBAE3620-C67D-4313-AEDC-9D336C71EC29}.Debug|x86.Build.0 = Debug|Any CPU
		{EBAE3620-C67D-4313-AEDC-9D336C71EC29}.Release|Any CPU.ActiveCfg = Release|Any CPU
		{EBAE3620-C67D-4313-AEDC-9D336C71EC29}.Release|Any CPU.Build.0 = Release|Any CPU
		{EBAE3620-C67D-4313-AEDC-9D336C71EC29}.Release|ARM.ActiveCfg = Release|Any CPU
		{EBAE3620-C67D-4313-AEDC-9D336C71EC29}.Release|ARM.Build.0 = Release|Any CPU
		{EBAE3620-C67D-4313-AEDC-9D336C71EC29}.Release|ARM64.ActiveCfg = Release|Any CPU
		{EBAE3620-C67D-4313-AEDC-9D336C71EC29}.Release|ARM64.Build.0 = Release|Any CPU
		{EBAE3620-C67D-4313-AEDC-9D336C71EC29}.Release|Mixed Platforms.ActiveCfg = Release|Any CPU
		{EBAE3620-C67D-4313-AEDC-9D336C71EC29}.Release|Mixed Platforms.Build.0 = Release|Any CPU
		{EBAE3620-C67D-4313-AEDC-9D336C71EC29}.Release|x64.ActiveCfg = Release|Any CPU
		{EBAE3620-C67D-4313-AEDC-9D336C71EC29}.Release|x64.Build.0 = Release|Any CPU
		{EBAE3620-C67D-4313-AEDC-9D336C71EC29}.Release|x86.ActiveCfg = Release|Any CPU
		{EBAE3620-C67D-4313-AEDC-9D336C71EC29}.Release|x86.Build.0 = Release|Any CPU
		{7449175B-5E83-46E3-B67D-120319BCDCC5}.Debug|Any CPU.ActiveCfg = Debug|Any CPU
		{7449175B-5E83-46E3-B67D-120319BCDCC5}.Debug|Any CPU.Build.0 = Debug|Any CPU
		{7449175B-5E83-46E3-B67D-120319BCDCC5}.Debug|ARM.ActiveCfg = Debug|Any CPU
		{7449175B-5E83-46E3-B67D-120319BCDCC5}.Debug|ARM.Build.0 = Debug|Any CPU
		{7449175B-5E83-46E3-B67D-120319BCDCC5}.Debug|ARM64.ActiveCfg = Debug|Any CPU
		{7449175B-5E83-46E3-B67D-120319BCDCC5}.Debug|ARM64.Build.0 = Debug|Any CPU
		{7449175B-5E83-46E3-B67D-120319BCDCC5}.Debug|Mixed Platforms.ActiveCfg = Debug|Any CPU
		{7449175B-5E83-46E3-B67D-120319BCDCC5}.Debug|Mixed Platforms.Build.0 = Debug|Any CPU
		{7449175B-5E83-46E3-B67D-120319BCDCC5}.Debug|x64.ActiveCfg = Debug|Any CPU
		{7449175B-5E83-46E3-B67D-120319BCDCC5}.Debug|x64.Build.0 = Debug|Any CPU
		{7449175B-5E83-46E3-B67D-120319BCDCC5}.Debug|x86.ActiveCfg = Debug|Any CPU
		{7449175B-5E83-46E3-B67D-120319BCDCC5}.Debug|x86.Build.0 = Debug|Any CPU
		{7449175B-5E83-46E3-B67D-120319BCDCC5}.Release|Any CPU.ActiveCfg = Release|Any CPU
		{7449175B-5E83-46E3-B67D-120319BCDCC5}.Release|Any CPU.Build.0 = Release|Any CPU
		{7449175B-5E83-46E3-B67D-120319BCDCC5}.Release|ARM.ActiveCfg = Release|Any CPU
		{7449175B-5E83-46E3-B67D-120319BCDCC5}.Release|ARM.Build.0 = Release|Any CPU
		{7449175B-5E83-46E3-B67D-120319BCDCC5}.Release|ARM64.ActiveCfg = Release|Any CPU
		{7449175B-5E83-46E3-B67D-120319BCDCC5}.Release|ARM64.Build.0 = Release|Any CPU
		{7449175B-5E83-46E3-B67D-120319BCDCC5}.Release|Mixed Platforms.ActiveCfg = Release|Any CPU
		{7449175B-5E83-46E3-B67D-120319BCDCC5}.Release|Mixed Platforms.Build.0 = Release|Any CPU
		{7449175B-5E83-46E3-B67D-120319BCDCC5}.Release|x64.ActiveCfg = Release|Any CPU
		{7449175B-5E83-46E3-B67D-120319BCDCC5}.Release|x64.Build.0 = Release|Any CPU
		{7449175B-5E83-46E3-B67D-120319BCDCC5}.Release|x86.ActiveCfg = Release|Any CPU
		{7449175B-5E83-46E3-B67D-120319BCDCC5}.Release|x86.Build.0 = Release|Any CPU
		{9020AC35-A876-4002-BD92-30666319E019}.Debug|Any CPU.ActiveCfg = Debug|Any CPU
		{9020AC35-A876-4002-BD92-30666319E019}.Debug|Any CPU.Build.0 = Debug|Any CPU
		{9020AC35-A876-4002-BD92-30666319E019}.Debug|ARM.ActiveCfg = Debug|Any CPU
		{9020AC35-A876-4002-BD92-30666319E019}.Debug|ARM.Build.0 = Debug|Any CPU
		{9020AC35-A876-4002-BD92-30666319E019}.Debug|ARM64.ActiveCfg = Debug|Any CPU
		{9020AC35-A876-4002-BD92-30666319E019}.Debug|ARM64.Build.0 = Debug|Any CPU
		{9020AC35-A876-4002-BD92-30666319E019}.Debug|Mixed Platforms.ActiveCfg = Debug|Any CPU
		{9020AC35-A876-4002-BD92-30666319E019}.Debug|Mixed Platforms.Build.0 = Debug|Any CPU
		{9020AC35-A876-4002-BD92-30666319E019}.Debug|x64.ActiveCfg = Debug|Any CPU
		{9020AC35-A876-4002-BD92-30666319E019}.Debug|x64.Build.0 = Debug|Any CPU
		{9020AC35-A876-4002-BD92-30666319E019}.Debug|x86.ActiveCfg = Debug|Any CPU
		{9020AC35-A876-4002-BD92-30666319E019}.Debug|x86.Build.0 = Debug|Any CPU
		{9020AC35-A876-4002-BD92-30666319E019}.Release|Any CPU.ActiveCfg = Release|Any CPU
		{9020AC35-A876-4002-BD92-30666319E019}.Release|Any CPU.Build.0 = Release|Any CPU
		{9020AC35-A876-4002-BD92-30666319E019}.Release|ARM.ActiveCfg = Release|Any CPU
		{9020AC35-A876-4002-BD92-30666319E019}.Release|ARM.Build.0 = Release|Any CPU
		{9020AC35-A876-4002-BD92-30666319E019}.Release|ARM64.ActiveCfg = Release|Any CPU
		{9020AC35-A876-4002-BD92-30666319E019}.Release|ARM64.Build.0 = Release|Any CPU
		{9020AC35-A876-4002-BD92-30666319E019}.Release|Mixed Platforms.ActiveCfg = Release|Any CPU
		{9020AC35-A876-4002-BD92-30666319E019}.Release|Mixed Platforms.Build.0 = Release|Any CPU
		{9020AC35-A876-4002-BD92-30666319E019}.Release|x64.ActiveCfg = Release|Any CPU
		{9020AC35-A876-4002-BD92-30666319E019}.Release|x64.Build.0 = Release|Any CPU
		{9020AC35-A876-4002-BD92-30666319E019}.Release|x86.ActiveCfg = Release|Any CPU
		{9020AC35-A876-4002-BD92-30666319E019}.Release|x86.Build.0 = Release|Any CPU
		{7111E514-9D2B-47C4-B63B-7C2E32FD145B}.Debug|Any CPU.ActiveCfg = Debug|Any CPU
		{7111E514-9D2B-47C4-B63B-7C2E32FD145B}.Debug|Any CPU.Build.0 = Debug|Any CPU
		{7111E514-9D2B-47C4-B63B-7C2E32FD145B}.Debug|ARM.ActiveCfg = Debug|Any CPU
		{7111E514-9D2B-47C4-B63B-7C2E32FD145B}.Debug|ARM.Build.0 = Debug|Any CPU
		{7111E514-9D2B-47C4-B63B-7C2E32FD145B}.Debug|ARM64.ActiveCfg = Debug|Any CPU
		{7111E514-9D2B-47C4-B63B-7C2E32FD145B}.Debug|ARM64.Build.0 = Debug|Any CPU
		{7111E514-9D2B-47C4-B63B-7C2E32FD145B}.Debug|Mixed Platforms.ActiveCfg = Debug|Any CPU
		{7111E514-9D2B-47C4-B63B-7C2E32FD145B}.Debug|Mixed Platforms.Build.0 = Debug|Any CPU
		{7111E514-9D2B-47C4-B63B-7C2E32FD145B}.Debug|x64.ActiveCfg = Debug|Any CPU
		{7111E514-9D2B-47C4-B63B-7C2E32FD145B}.Debug|x64.Build.0 = Debug|Any CPU
		{7111E514-9D2B-47C4-B63B-7C2E32FD145B}.Debug|x86.ActiveCfg = Debug|Any CPU
		{7111E514-9D2B-47C4-B63B-7C2E32FD145B}.Debug|x86.Build.0 = Debug|Any CPU
		{7111E514-9D2B-47C4-B63B-7C2E32FD145B}.Release|Any CPU.ActiveCfg = Release|Any CPU
		{7111E514-9D2B-47C4-B63B-7C2E32FD145B}.Release|Any CPU.Build.0 = Release|Any CPU
		{7111E514-9D2B-47C4-B63B-7C2E32FD145B}.Release|ARM.ActiveCfg = Release|Any CPU
		{7111E514-9D2B-47C4-B63B-7C2E32FD145B}.Release|ARM.Build.0 = Release|Any CPU
		{7111E514-9D2B-47C4-B63B-7C2E32FD145B}.Release|ARM64.ActiveCfg = Release|Any CPU
		{7111E514-9D2B-47C4-B63B-7C2E32FD145B}.Release|ARM64.Build.0 = Release|Any CPU
		{7111E514-9D2B-47C4-B63B-7C2E32FD145B}.Release|Mixed Platforms.ActiveCfg = Release|Any CPU
		{7111E514-9D2B-47C4-B63B-7C2E32FD145B}.Release|Mixed Platforms.Build.0 = Release|Any CPU
		{7111E514-9D2B-47C4-B63B-7C2E32FD145B}.Release|x64.ActiveCfg = Release|Any CPU
		{7111E514-9D2B-47C4-B63B-7C2E32FD145B}.Release|x64.Build.0 = Release|Any CPU
		{7111E514-9D2B-47C4-B63B-7C2E32FD145B}.Release|x86.ActiveCfg = Release|Any CPU
		{7111E514-9D2B-47C4-B63B-7C2E32FD145B}.Release|x86.Build.0 = Release|Any CPU
		{EB158C66-40D8-4F2A-879C-BA8EF6AE89E4}.Debug|Any CPU.ActiveCfg = Debug|Any CPU
		{EB158C66-40D8-4F2A-879C-BA8EF6AE89E4}.Debug|Any CPU.Build.0 = Debug|Any CPU
		{EB158C66-40D8-4F2A-879C-BA8EF6AE89E4}.Debug|ARM.ActiveCfg = Debug|Any CPU
		{EB158C66-40D8-4F2A-879C-BA8EF6AE89E4}.Debug|ARM64.ActiveCfg = Debug|Any CPU
		{EB158C66-40D8-4F2A-879C-BA8EF6AE89E4}.Debug|ARM64.Build.0 = Debug|Any CPU
		{EB158C66-40D8-4F2A-879C-BA8EF6AE89E4}.Debug|Mixed Platforms.ActiveCfg = Debug|Any CPU
		{EB158C66-40D8-4F2A-879C-BA8EF6AE89E4}.Debug|Mixed Platforms.Build.0 = Debug|Any CPU
		{EB158C66-40D8-4F2A-879C-BA8EF6AE89E4}.Debug|x64.ActiveCfg = Debug|Any CPU
		{EB158C66-40D8-4F2A-879C-BA8EF6AE89E4}.Debug|x86.ActiveCfg = Debug|Any CPU
		{EB158C66-40D8-4F2A-879C-BA8EF6AE89E4}.Release|Any CPU.ActiveCfg = Release|Any CPU
		{EB158C66-40D8-4F2A-879C-BA8EF6AE89E4}.Release|Any CPU.Build.0 = Release|Any CPU
		{EB158C66-40D8-4F2A-879C-BA8EF6AE89E4}.Release|ARM.ActiveCfg = Release|Any CPU
		{EB158C66-40D8-4F2A-879C-BA8EF6AE89E4}.Release|ARM64.ActiveCfg = Release|Any CPU
		{EB158C66-40D8-4F2A-879C-BA8EF6AE89E4}.Release|ARM64.Build.0 = Release|Any CPU
		{EB158C66-40D8-4F2A-879C-BA8EF6AE89E4}.Release|Mixed Platforms.ActiveCfg = Release|Any CPU
		{EB158C66-40D8-4F2A-879C-BA8EF6AE89E4}.Release|Mixed Platforms.Build.0 = Release|Any CPU
		{EB158C66-40D8-4F2A-879C-BA8EF6AE89E4}.Release|x64.ActiveCfg = Release|Any CPU
		{EB158C66-40D8-4F2A-879C-BA8EF6AE89E4}.Release|x86.ActiveCfg = Release|Any CPU
		{0A769A8A-ABAD-4A6D-B90D-DDB4D52CA711}.Debug|Any CPU.ActiveCfg = Debug|Any CPU
		{0A769A8A-ABAD-4A6D-B90D-DDB4D52CA711}.Debug|Any CPU.Build.0 = Debug|Any CPU
		{0A769A8A-ABAD-4A6D-B90D-DDB4D52CA711}.Debug|ARM.ActiveCfg = Debug|Any CPU
		{0A769A8A-ABAD-4A6D-B90D-DDB4D52CA711}.Debug|ARM64.ActiveCfg = Debug|Any CPU
		{0A769A8A-ABAD-4A6D-B90D-DDB4D52CA711}.Debug|ARM64.Build.0 = Debug|Any CPU
		{0A769A8A-ABAD-4A6D-B90D-DDB4D52CA711}.Debug|Mixed Platforms.ActiveCfg = Debug|Any CPU
		{0A769A8A-ABAD-4A6D-B90D-DDB4D52CA711}.Debug|Mixed Platforms.Build.0 = Debug|Any CPU
		{0A769A8A-ABAD-4A6D-B90D-DDB4D52CA711}.Debug|x64.ActiveCfg = Debug|Any CPU
		{0A769A8A-ABAD-4A6D-B90D-DDB4D52CA711}.Debug|x86.ActiveCfg = Debug|Any CPU
		{0A769A8A-ABAD-4A6D-B90D-DDB4D52CA711}.Release|Any CPU.ActiveCfg = Release|Any CPU
		{0A769A8A-ABAD-4A6D-B90D-DDB4D52CA711}.Release|Any CPU.Build.0 = Release|Any CPU
		{0A769A8A-ABAD-4A6D-B90D-DDB4D52CA711}.Release|ARM.ActiveCfg = Release|Any CPU
		{0A769A8A-ABAD-4A6D-B90D-DDB4D52CA711}.Release|ARM64.ActiveCfg = Release|Any CPU
		{0A769A8A-ABAD-4A6D-B90D-DDB4D52CA711}.Release|ARM64.Build.0 = Release|Any CPU
		{0A769A8A-ABAD-4A6D-B90D-DDB4D52CA711}.Release|Mixed Platforms.ActiveCfg = Release|Any CPU
		{0A769A8A-ABAD-4A6D-B90D-DDB4D52CA711}.Release|Mixed Platforms.Build.0 = Release|Any CPU
		{0A769A8A-ABAD-4A6D-B90D-DDB4D52CA711}.Release|x64.ActiveCfg = Release|Any CPU
		{0A769A8A-ABAD-4A6D-B90D-DDB4D52CA711}.Release|x86.ActiveCfg = Release|Any CPU
		{1A12BEA4-90FF-47CC-A76E-3794251A7634}.Debug|Any CPU.ActiveCfg = Debug|Any CPU
		{1A12BEA4-90FF-47CC-A76E-3794251A7634}.Debug|Any CPU.Build.0 = Debug|Any CPU
		{1A12BEA4-90FF-47CC-A76E-3794251A7634}.Debug|ARM.ActiveCfg = Debug|ARM
		{1A12BEA4-90FF-47CC-A76E-3794251A7634}.Debug|ARM.Build.0 = Debug|ARM
		{1A12BEA4-90FF-47CC-A76E-3794251A7634}.Debug|ARM64.ActiveCfg = Debug|ARM64
		{1A12BEA4-90FF-47CC-A76E-3794251A7634}.Debug|ARM64.Build.0 = Debug|ARM64
		{1A12BEA4-90FF-47CC-A76E-3794251A7634}.Debug|Mixed Platforms.ActiveCfg = Debug|Any CPU
		{1A12BEA4-90FF-47CC-A76E-3794251A7634}.Debug|Mixed Platforms.Build.0 = Debug|Any CPU
		{1A12BEA4-90FF-47CC-A76E-3794251A7634}.Debug|x64.ActiveCfg = Debug|x64
		{1A12BEA4-90FF-47CC-A76E-3794251A7634}.Debug|x64.Build.0 = Debug|x64
		{1A12BEA4-90FF-47CC-A76E-3794251A7634}.Debug|x86.ActiveCfg = Debug|x86
		{1A12BEA4-90FF-47CC-A76E-3794251A7634}.Debug|x86.Build.0 = Debug|x86
		{1A12BEA4-90FF-47CC-A76E-3794251A7634}.Release|Any CPU.ActiveCfg = Release|Any CPU
		{1A12BEA4-90FF-47CC-A76E-3794251A7634}.Release|Any CPU.Build.0 = Release|Any CPU
		{1A12BEA4-90FF-47CC-A76E-3794251A7634}.Release|ARM.ActiveCfg = Release|ARM
		{1A12BEA4-90FF-47CC-A76E-3794251A7634}.Release|ARM.Build.0 = Release|ARM
		{1A12BEA4-90FF-47CC-A76E-3794251A7634}.Release|ARM64.ActiveCfg = Release|ARM64
		{1A12BEA4-90FF-47CC-A76E-3794251A7634}.Release|ARM64.Build.0 = Release|ARM64
		{1A12BEA4-90FF-47CC-A76E-3794251A7634}.Release|Mixed Platforms.ActiveCfg = Release|Any CPU
		{1A12BEA4-90FF-47CC-A76E-3794251A7634}.Release|Mixed Platforms.Build.0 = Release|Any CPU
		{1A12BEA4-90FF-47CC-A76E-3794251A7634}.Release|x64.ActiveCfg = Release|x64
		{1A12BEA4-90FF-47CC-A76E-3794251A7634}.Release|x64.Build.0 = Release|x64
		{1A12BEA4-90FF-47CC-A76E-3794251A7634}.Release|x86.ActiveCfg = Release|x86
		{1A12BEA4-90FF-47CC-A76E-3794251A7634}.Release|x86.Build.0 = Release|x86
		{5AB055AD-8486-438C-89A4-8795D83C3E9B}.Debug|Any CPU.ActiveCfg = Debug|x86
		{5AB055AD-8486-438C-89A4-8795D83C3E9B}.Debug|ARM.ActiveCfg = Debug|ARM
		{5AB055AD-8486-438C-89A4-8795D83C3E9B}.Debug|ARM.Build.0 = Debug|ARM
		{5AB055AD-8486-438C-89A4-8795D83C3E9B}.Debug|ARM.Deploy.0 = Debug|ARM
		{5AB055AD-8486-438C-89A4-8795D83C3E9B}.Debug|ARM64.ActiveCfg = Debug|ARM64
		{5AB055AD-8486-438C-89A4-8795D83C3E9B}.Debug|ARM64.Build.0 = Debug|ARM64
		{5AB055AD-8486-438C-89A4-8795D83C3E9B}.Debug|ARM64.Deploy.0 = Debug|ARM64
		{5AB055AD-8486-438C-89A4-8795D83C3E9B}.Debug|Mixed Platforms.ActiveCfg = Debug|x86
		{5AB055AD-8486-438C-89A4-8795D83C3E9B}.Debug|Mixed Platforms.Build.0 = Debug|x86
		{5AB055AD-8486-438C-89A4-8795D83C3E9B}.Debug|Mixed Platforms.Deploy.0 = Debug|x86
		{5AB055AD-8486-438C-89A4-8795D83C3E9B}.Debug|x64.ActiveCfg = Debug|x64
		{5AB055AD-8486-438C-89A4-8795D83C3E9B}.Debug|x64.Build.0 = Debug|x64
		{5AB055AD-8486-438C-89A4-8795D83C3E9B}.Debug|x64.Deploy.0 = Debug|x64
		{5AB055AD-8486-438C-89A4-8795D83C3E9B}.Debug|x86.ActiveCfg = Debug|x86
		{5AB055AD-8486-438C-89A4-8795D83C3E9B}.Debug|x86.Build.0 = Debug|x86
		{5AB055AD-8486-438C-89A4-8795D83C3E9B}.Debug|x86.Deploy.0 = Debug|x86
		{5AB055AD-8486-438C-89A4-8795D83C3E9B}.Release|Any CPU.ActiveCfg = Release|x86
		{5AB055AD-8486-438C-89A4-8795D83C3E9B}.Release|ARM.ActiveCfg = Release|ARM
		{5AB055AD-8486-438C-89A4-8795D83C3E9B}.Release|ARM.Build.0 = Release|ARM
		{5AB055AD-8486-438C-89A4-8795D83C3E9B}.Release|ARM.Deploy.0 = Release|ARM
		{5AB055AD-8486-438C-89A4-8795D83C3E9B}.Release|ARM64.ActiveCfg = Release|ARM64
		{5AB055AD-8486-438C-89A4-8795D83C3E9B}.Release|ARM64.Build.0 = Release|ARM64
		{5AB055AD-8486-438C-89A4-8795D83C3E9B}.Release|ARM64.Deploy.0 = Release|ARM64
		{5AB055AD-8486-438C-89A4-8795D83C3E9B}.Release|Mixed Platforms.ActiveCfg = Release|x64
		{5AB055AD-8486-438C-89A4-8795D83C3E9B}.Release|Mixed Platforms.Build.0 = Release|x64
		{5AB055AD-8486-438C-89A4-8795D83C3E9B}.Release|Mixed Platforms.Deploy.0 = Release|x64
		{5AB055AD-8486-438C-89A4-8795D83C3E9B}.Release|x64.ActiveCfg = Release|x64
		{5AB055AD-8486-438C-89A4-8795D83C3E9B}.Release|x64.Build.0 = Release|x64
		{5AB055AD-8486-438C-89A4-8795D83C3E9B}.Release|x64.Deploy.0 = Release|x64
		{5AB055AD-8486-438C-89A4-8795D83C3E9B}.Release|x86.ActiveCfg = Release|x86
		{5AB055AD-8486-438C-89A4-8795D83C3E9B}.Release|x86.Build.0 = Release|x86
		{5AB055AD-8486-438C-89A4-8795D83C3E9B}.Release|x86.Deploy.0 = Release|x86
	EndGlobalSection
	GlobalSection(SolutionProperties) = preSolution
		HideSolutionNode = FALSE
	EndGlobalSection
	GlobalSection(NestedProjects) = preSolution
		{B0AA6A94-6784-4221-81F0-244A68C374C0} = {299BE8E6-6ACC-43E1-B4AC-DAF1BEAA6362}
		{EBAE3620-C67D-4313-AEDC-9D336C71EC29} = {299BE8E6-6ACC-43E1-B4AC-DAF1BEAA6362}
		{7449175B-5E83-46E3-B67D-120319BCDCC5} = {299BE8E6-6ACC-43E1-B4AC-DAF1BEAA6362}
		{9020AC35-A876-4002-BD92-30666319E019} = {299BE8E6-6ACC-43E1-B4AC-DAF1BEAA6362}
		{7111E514-9D2B-47C4-B63B-7C2E32FD145B} = {299BE8E6-6ACC-43E1-B4AC-DAF1BEAA6362}
		{EB158C66-40D8-4F2A-879C-BA8EF6AE89E4} = {299BE8E6-6ACC-43E1-B4AC-DAF1BEAA6362}
		{0A769A8A-ABAD-4A6D-B90D-DDB4D52CA711} = {299BE8E6-6ACC-43E1-B4AC-DAF1BEAA6362}
		{1A12BEA4-90FF-47CC-A76E-3794251A7634} = {17878B42-C314-4A63-B568-A37BCD4103F0}
		{5AB055AD-8486-438C-89A4-8795D83C3E9B} = {17878B42-C314-4A63-B568-A37BCD4103F0}
	EndGlobalSection
	GlobalSection(ExtensibilityGlobals) = postSolution
		SolutionGuid = {77BCB089-72D4-4A56-BBF8-B03EA9B1CD00}
	EndGlobalSection
EndGlobal
